// !$*UTF8*$!
{
	archiveVersion = 1;
	classes = {
	};
	objectVersion = 55;
	objects = {

/* Begin PBXBuildFile section */
		AA053F8527F1860D004DE5B2 /* ProductListViewModel.swift in Sources */ = {isa = PBXBuildFile; fileRef = AA053F8427F1860D004DE5B2 /* ProductListViewModel.swift */; };
		AA053F8827F18EA6004DE5B2 /* ProductViewModel.swift in Sources */ = {isa = PBXBuildFile; fileRef = AA053F8727F18EA6004DE5B2 /* ProductViewModel.swift */; };
		AA053F8A27F19525004DE5B2 /* ProductDetailsControllerView+Styles.swift in Sources */ = {isa = PBXBuildFile; fileRef = AA053F8927F19525004DE5B2 /* ProductDetailsControllerView+Styles.swift */; };
		AA053F8C27F195A5004DE5B2 /* ProductDetailsControllerView+Layout.swift in Sources */ = {isa = PBXBuildFile; fileRef = AA053F8B27F195A5004DE5B2 /* ProductDetailsControllerView+Layout.swift */; };
		AA053F8E27F1A964004DE5B2 /* ProductCell+Styles.swift in Sources */ = {isa = PBXBuildFile; fileRef = AA053F8D27F1A964004DE5B2 /* ProductCell+Styles.swift */; };
		AA053F9027F1AACA004DE5B2 /* ProductCell+Layout.swift in Sources */ = {isa = PBXBuildFile; fileRef = AA053F8F27F1AACA004DE5B2 /* ProductCell+Layout.swift */; };
		AA053F9227F1B29A004DE5B2 /* ProductCellRounded+Styles.swift in Sources */ = {isa = PBXBuildFile; fileRef = AA053F9127F1B29A004DE5B2 /* ProductCellRounded+Styles.swift */; };
		AA053F9427F1D69E004DE5B2 /* ProductListViewController+Layout.swift in Sources */ = {isa = PBXBuildFile; fileRef = AA053F9327F1D69E004DE5B2 /* ProductListViewController+Layout.swift */; };
		AA06BCC727E22603003CFF77 /* ProductCellRounded.swift in Sources */ = {isa = PBXBuildFile; fileRef = AA06BCC627E22603003CFF77 /* ProductCellRounded.swift */; };
		AA06BCCB27E22F5C003CFF77 /* ProductDetailsControllerView.swift in Sources */ = {isa = PBXBuildFile; fileRef = AA06BCCA27E22F5C003CFF77 /* ProductDetailsControllerView.swift */; };
		AA06BCDB27E24E13003CFF77 /* RedHatDisplay-Medium.ttf in Resources */ = {isa = PBXBuildFile; fileRef = AA06BCCD27E24E12003CFF77 /* RedHatDisplay-Medium.ttf */; };
		AA06BCDC27E24E13003CFF77 /* RedHatDisplay-BoldItalic.ttf in Resources */ = {isa = PBXBuildFile; fileRef = AA06BCCE27E24E12003CFF77 /* RedHatDisplay-BoldItalic.ttf */; };
		AA06BCDD27E24E13003CFF77 /* RedHatDisplay-SemiBoldItalic.ttf in Resources */ = {isa = PBXBuildFile; fileRef = AA06BCCF27E24E12003CFF77 /* RedHatDisplay-SemiBoldItalic.ttf */; };
		AA06BCDE27E24E13003CFF77 /* RedHatDisplay-ExtraBold.ttf in Resources */ = {isa = PBXBuildFile; fileRef = AA06BCD027E24E12003CFF77 /* RedHatDisplay-ExtraBold.ttf */; };
		AA06BCDF27E24E13003CFF77 /* RedHatDisplay-Black.ttf in Resources */ = {isa = PBXBuildFile; fileRef = AA06BCD127E24E12003CFF77 /* RedHatDisplay-Black.ttf */; };
		AA06BCE027E24E13003CFF77 /* RedHatDisplay-Bold.ttf in Resources */ = {isa = PBXBuildFile; fileRef = AA06BCD227E24E12003CFF77 /* RedHatDisplay-Bold.ttf */; };
		AA06BCE127E24E13003CFF77 /* RedHatDisplay-Regular.ttf in Resources */ = {isa = PBXBuildFile; fileRef = AA06BCD327E24E12003CFF77 /* RedHatDisplay-Regular.ttf */; };
		AA06BCE227E24E13003CFF77 /* RedHatDisplay-Light.ttf in Resources */ = {isa = PBXBuildFile; fileRef = AA06BCD427E24E13003CFF77 /* RedHatDisplay-Light.ttf */; };
		AA06BCE327E24E13003CFF77 /* RedHatDisplay-LightItalic.ttf in Resources */ = {isa = PBXBuildFile; fileRef = AA06BCD527E24E13003CFF77 /* RedHatDisplay-LightItalic.ttf */; };
		AA06BCE427E24E13003CFF77 /* RedHatDisplay-ExtraBoldItalic.ttf in Resources */ = {isa = PBXBuildFile; fileRef = AA06BCD627E24E13003CFF77 /* RedHatDisplay-ExtraBoldItalic.ttf */; };
		AA06BCE527E24E13003CFF77 /* RedHatDisplay-BlackItalic.ttf in Resources */ = {isa = PBXBuildFile; fileRef = AA06BCD727E24E13003CFF77 /* RedHatDisplay-BlackItalic.ttf */; };
		AA06BCE627E24E13003CFF77 /* RedHatDisplay-Italic.ttf in Resources */ = {isa = PBXBuildFile; fileRef = AA06BCD827E24E13003CFF77 /* RedHatDisplay-Italic.ttf */; };
		AA06BCE727E24E13003CFF77 /* RedHatDisplay-SemiBold.ttf in Resources */ = {isa = PBXBuildFile; fileRef = AA06BCD927E24E13003CFF77 /* RedHatDisplay-SemiBold.ttf */; };
		AA06BCE827E24E13003CFF77 /* RedHatDisplay-MediumItalic.ttf in Resources */ = {isa = PBXBuildFile; fileRef = AA06BCDA27E24E13003CFF77 /* RedHatDisplay-MediumItalic.ttf */; };
		AA06BCEB27E2555C003CFF77 /* Fonts.swift in Sources */ = {isa = PBXBuildFile; fileRef = AA06BCEA27E2555C003CFF77 /* Fonts.swift */; };
		AA0A520827EB3C30009B3BF2 /* UIFont+Preffered.swift in Sources */ = {isa = PBXBuildFile; fileRef = AA0A520727EB3C30009B3BF2 /* UIFont+Preffered.swift */; };
		AA0A520A27EB3C7A009B3BF2 /* CGFloat+Radians.swift in Sources */ = {isa = PBXBuildFile; fileRef = AA0A520927EB3C7A009B3BF2 /* CGFloat+Radians.swift */; };
		AA0A520C27EB3CA6009B3BF2 /* NSDirectionalEdgeInsets+Init.swift in Sources */ = {isa = PBXBuildFile; fileRef = AA0A520B27EB3CA6009B3BF2 /* NSDirectionalEdgeInsets+Init.swift */; };
		AA477A3027CD70B10044CDE7 /* CustomLayout.swift in Sources */ = {isa = PBXBuildFile; fileRef = AA477A2F27CD70B10044CDE7 /* CustomLayout.swift */; };
		AA8C542D27D26D8200B36D97 /* ProductCell.swift in Sources */ = {isa = PBXBuildFile; fileRef = AA8C542C27D26D8200B36D97 /* ProductCell.swift */; };
		AA8C542F27D26E1500B36D97 /* Product.swift in Sources */ = {isa = PBXBuildFile; fileRef = AA8C542E27D26E1500B36D97 /* Product.swift */; };
		AAAE49E627F1009300F3FBD1 /* ProductCellViewModel.swift in Sources */ = {isa = PBXBuildFile; fileRef = AAAE49E527F1009300F3FBD1 /* ProductCellViewModel.swift */; };
		AAAE49E827F100B700F3FBD1 /* Observable.swift in Sources */ = {isa = PBXBuildFile; fileRef = AAAE49E727F100B700F3FBD1 /* Observable.swift */; };
		AADDDD9127C4505600E893E1 /* AppDelegate.swift in Sources */ = {isa = PBXBuildFile; fileRef = AADDDD9027C4505600E893E1 /* AppDelegate.swift */; };
		AADDDD9327C4505600E893E1 /* SceneDelegate.swift in Sources */ = {isa = PBXBuildFile; fileRef = AADDDD9227C4505600E893E1 /* SceneDelegate.swift */; };
		AADDDD9527C4505600E893E1 /* ProductsListViewController.swift in Sources */ = {isa = PBXBuildFile; fileRef = AADDDD9427C4505600E893E1 /* ProductsListViewController.swift */; };
		AADDDD9B27C4505600E893E1 /* FashionApp.xcdatamodeld in Sources */ = {isa = PBXBuildFile; fileRef = AADDDD9927C4505600E893E1 /* FashionApp.xcdatamodeld */; };
		AADDDD9D27C4505700E893E1 /* Assets.xcassets in Resources */ = {isa = PBXBuildFile; fileRef = AADDDD9C27C4505700E893E1 /* Assets.xcassets */; };
		AADDDDA027C4505700E893E1 /* LaunchScreen.storyboard in Resources */ = {isa = PBXBuildFile; fileRef = AADDDD9E27C4505700E893E1 /* LaunchScreen.storyboard */; };
		AADDDDAB27C4505700E893E1 /* FashionAppTests.swift in Sources */ = {isa = PBXBuildFile; fileRef = AADDDDAA27C4505700E893E1 /* FashionAppTests.swift */; };
		AADDDDB527C4505700E893E1 /* FashionAppUITests.swift in Sources */ = {isa = PBXBuildFile; fileRef = AADDDDB427C4505700E893E1 /* FashionAppUITests.swift */; };
		AADDDDB727C4505700E893E1 /* FashionAppUITestsLaunchTests.swift in Sources */ = {isa = PBXBuildFile; fileRef = AADDDDB627C4505700E893E1 /* FashionAppUITestsLaunchTests.swift */; };
		AAF38CC327DF63FD00211DFC /* ShapedImageView.swift in Sources */ = {isa = PBXBuildFile; fileRef = AAF38CC227DF63FD00211DFC /* ShapedImageView.swift */; };
		AAF38CC527DF755400211DFC /* ShadowView.swift in Sources */ = {isa = PBXBuildFile; fileRef = AAF38CC427DF755400211DFC /* ShadowView.swift */; };
/* End PBXBuildFile section */

/* Begin PBXContainerItemProxy section */
		AADDDDA727C4505700E893E1 /* PBXContainerItemProxy */ = {
			isa = PBXContainerItemProxy;
			containerPortal = AADDDD8527C4505600E893E1 /* Project object */;
			proxyType = 1;
			remoteGlobalIDString = AADDDD8C27C4505600E893E1;
			remoteInfo = FashionApp;
		};
		AADDDDB127C4505700E893E1 /* PBXContainerItemProxy */ = {
			isa = PBXContainerItemProxy;
			containerPortal = AADDDD8527C4505600E893E1 /* Project object */;
			proxyType = 1;
			remoteGlobalIDString = AADDDD8C27C4505600E893E1;
			remoteInfo = FashionApp;
		};
/* End PBXContainerItemProxy section */

/* Begin PBXFileReference section */
		AA053F8427F1860D004DE5B2 /* ProductListViewModel.swift */ = {isa = PBXFileReference; lastKnownFileType = sourcecode.swift; path = ProductListViewModel.swift; sourceTree = "<group>"; };
		AA053F8727F18EA6004DE5B2 /* ProductViewModel.swift */ = {isa = PBXFileReference; lastKnownFileType = sourcecode.swift; path = ProductViewModel.swift; sourceTree = "<group>"; };
		AA053F8927F19525004DE5B2 /* ProductDetailsControllerView+Styles.swift */ = {isa = PBXFileReference; lastKnownFileType = sourcecode.swift; path = "ProductDetailsControllerView+Styles.swift"; sourceTree = "<group>"; };
		AA053F8B27F195A5004DE5B2 /* ProductDetailsControllerView+Layout.swift */ = {isa = PBXFileReference; lastKnownFileType = sourcecode.swift; path = "ProductDetailsControllerView+Layout.swift"; sourceTree = "<group>"; };
		AA053F8D27F1A964004DE5B2 /* ProductCell+Styles.swift */ = {isa = PBXFileReference; lastKnownFileType = sourcecode.swift; path = "ProductCell+Styles.swift"; sourceTree = "<group>"; };
		AA053F8F27F1AACA004DE5B2 /* ProductCell+Layout.swift */ = {isa = PBXFileReference; lastKnownFileType = sourcecode.swift; path = "ProductCell+Layout.swift"; sourceTree = "<group>"; };
		AA053F9127F1B29A004DE5B2 /* ProductCellRounded+Styles.swift */ = {isa = PBXFileReference; lastKnownFileType = sourcecode.swift; path = "ProductCellRounded+Styles.swift"; sourceTree = "<group>"; };
		AA053F9327F1D69E004DE5B2 /* ProductListViewController+Layout.swift */ = {isa = PBXFileReference; lastKnownFileType = sourcecode.swift; path = "ProductListViewController+Layout.swift"; sourceTree = "<group>"; };
		AA06BCC627E22603003CFF77 /* ProductCellRounded.swift */ = {isa = PBXFileReference; lastKnownFileType = sourcecode.swift; path = ProductCellRounded.swift; sourceTree = "<group>"; };
		AA06BCCA27E22F5C003CFF77 /* ProductDetailsControllerView.swift */ = {isa = PBXFileReference; lastKnownFileType = sourcecode.swift; path = ProductDetailsControllerView.swift; sourceTree = "<group>"; };
		AA06BCCD27E24E12003CFF77 /* RedHatDisplay-Medium.ttf */ = {isa = PBXFileReference; lastKnownFileType = file; path = "RedHatDisplay-Medium.ttf"; sourceTree = "<group>"; };
		AA06BCCE27E24E12003CFF77 /* RedHatDisplay-BoldItalic.ttf */ = {isa = PBXFileReference; lastKnownFileType = file; path = "RedHatDisplay-BoldItalic.ttf"; sourceTree = "<group>"; };
		AA06BCCF27E24E12003CFF77 /* RedHatDisplay-SemiBoldItalic.ttf */ = {isa = PBXFileReference; lastKnownFileType = file; path = "RedHatDisplay-SemiBoldItalic.ttf"; sourceTree = "<group>"; };
		AA06BCD027E24E12003CFF77 /* RedHatDisplay-ExtraBold.ttf */ = {isa = PBXFileReference; lastKnownFileType = file; path = "RedHatDisplay-ExtraBold.ttf"; sourceTree = "<group>"; };
		AA06BCD127E24E12003CFF77 /* RedHatDisplay-Black.ttf */ = {isa = PBXFileReference; lastKnownFileType = file; path = "RedHatDisplay-Black.ttf"; sourceTree = "<group>"; };
		AA06BCD227E24E12003CFF77 /* RedHatDisplay-Bold.ttf */ = {isa = PBXFileReference; lastKnownFileType = file; path = "RedHatDisplay-Bold.ttf"; sourceTree = "<group>"; };
		AA06BCD327E24E12003CFF77 /* RedHatDisplay-Regular.ttf */ = {isa = PBXFileReference; lastKnownFileType = file; path = "RedHatDisplay-Regular.ttf"; sourceTree = "<group>"; };
		AA06BCD427E24E13003CFF77 /* RedHatDisplay-Light.ttf */ = {isa = PBXFileReference; lastKnownFileType = file; path = "RedHatDisplay-Light.ttf"; sourceTree = "<group>"; };
		AA06BCD527E24E13003CFF77 /* RedHatDisplay-LightItalic.ttf */ = {isa = PBXFileReference; lastKnownFileType = file; path = "RedHatDisplay-LightItalic.ttf"; sourceTree = "<group>"; };
		AA06BCD627E24E13003CFF77 /* RedHatDisplay-ExtraBoldItalic.ttf */ = {isa = PBXFileReference; lastKnownFileType = file; path = "RedHatDisplay-ExtraBoldItalic.ttf"; sourceTree = "<group>"; };
		AA06BCD727E24E13003CFF77 /* RedHatDisplay-BlackItalic.ttf */ = {isa = PBXFileReference; lastKnownFileType = file; path = "RedHatDisplay-BlackItalic.ttf"; sourceTree = "<group>"; };
		AA06BCD827E24E13003CFF77 /* RedHatDisplay-Italic.ttf */ = {isa = PBXFileReference; lastKnownFileType = file; path = "RedHatDisplay-Italic.ttf"; sourceTree = "<group>"; };
		AA06BCD927E24E13003CFF77 /* RedHatDisplay-SemiBold.ttf */ = {isa = PBXFileReference; lastKnownFileType = file; path = "RedHatDisplay-SemiBold.ttf"; sourceTree = "<group>"; };
		AA06BCDA27E24E13003CFF77 /* RedHatDisplay-MediumItalic.ttf */ = {isa = PBXFileReference; lastKnownFileType = file; path = "RedHatDisplay-MediumItalic.ttf"; sourceTree = "<group>"; };
		AA06BCEA27E2555C003CFF77 /* Fonts.swift */ = {isa = PBXFileReference; lastKnownFileType = sourcecode.swift; path = Fonts.swift; sourceTree = "<group>"; };
		AA0A520727EB3C30009B3BF2 /* UIFont+Preffered.swift */ = {isa = PBXFileReference; lastKnownFileType = sourcecode.swift; path = "UIFont+Preffered.swift"; sourceTree = "<group>"; };
		AA0A520927EB3C7A009B3BF2 /* CGFloat+Radians.swift */ = {isa = PBXFileReference; lastKnownFileType = sourcecode.swift; path = "CGFloat+Radians.swift"; sourceTree = "<group>"; };
		AA0A520B27EB3CA6009B3BF2 /* NSDirectionalEdgeInsets+Init.swift */ = {isa = PBXFileReference; lastKnownFileType = sourcecode.swift; path = "NSDirectionalEdgeInsets+Init.swift"; sourceTree = "<group>"; };
		AA477A2F27CD70B10044CDE7 /* CustomLayout.swift */ = {isa = PBXFileReference; lastKnownFileType = sourcecode.swift; path = CustomLayout.swift; sourceTree = "<group>"; };
		AA8C542C27D26D8200B36D97 /* ProductCell.swift */ = {isa = PBXFileReference; lastKnownFileType = sourcecode.swift; path = ProductCell.swift; sourceTree = "<group>"; };
		AA8C542E27D26E1500B36D97 /* Product.swift */ = {isa = PBXFileReference; lastKnownFileType = sourcecode.swift; path = Product.swift; sourceTree = "<group>"; };
		AAAE49E527F1009300F3FBD1 /* ProductCellViewModel.swift */ = {isa = PBXFileReference; lastKnownFileType = sourcecode.swift; path = ProductCellViewModel.swift; sourceTree = "<group>"; };
		AAAE49E727F100B700F3FBD1 /* Observable.swift */ = {isa = PBXFileReference; lastKnownFileType = sourcecode.swift; path = Observable.swift; sourceTree = "<group>"; };
		AADDDD8D27C4505600E893E1 /* FashionApp.app */ = {isa = PBXFileReference; explicitFileType = wrapper.application; includeInIndex = 0; path = FashionApp.app; sourceTree = BUILT_PRODUCTS_DIR; };
		AADDDD9027C4505600E893E1 /* AppDelegate.swift */ = {isa = PBXFileReference; lastKnownFileType = sourcecode.swift; path = AppDelegate.swift; sourceTree = "<group>"; };
		AADDDD9227C4505600E893E1 /* SceneDelegate.swift */ = {isa = PBXFileReference; lastKnownFileType = sourcecode.swift; path = SceneDelegate.swift; sourceTree = "<group>"; };
		AADDDD9427C4505600E893E1 /* ProductsListViewController.swift */ = {isa = PBXFileReference; lastKnownFileType = sourcecode.swift; path = ProductsListViewController.swift; sourceTree = "<group>"; };
		AADDDD9A27C4505600E893E1 /* FashionApp.xcdatamodel */ = {isa = PBXFileReference; lastKnownFileType = wrapper.xcdatamodel; path = FashionApp.xcdatamodel; sourceTree = "<group>"; };
		AADDDD9C27C4505700E893E1 /* Assets.xcassets */ = {isa = PBXFileReference; lastKnownFileType = folder.assetcatalog; path = Assets.xcassets; sourceTree = "<group>"; };
		AADDDD9F27C4505700E893E1 /* Base */ = {isa = PBXFileReference; lastKnownFileType = file.storyboard; name = Base; path = Base.lproj/LaunchScreen.storyboard; sourceTree = "<group>"; };
		AADDDDA127C4505700E893E1 /* Info.plist */ = {isa = PBXFileReference; lastKnownFileType = text.plist.xml; path = Info.plist; sourceTree = "<group>"; };
		AADDDDA627C4505700E893E1 /* FashionAppTests.xctest */ = {isa = PBXFileReference; explicitFileType = wrapper.cfbundle; includeInIndex = 0; path = FashionAppTests.xctest; sourceTree = BUILT_PRODUCTS_DIR; };
		AADDDDAA27C4505700E893E1 /* FashionAppTests.swift */ = {isa = PBXFileReference; lastKnownFileType = sourcecode.swift; path = FashionAppTests.swift; sourceTree = "<group>"; };
		AADDDDB027C4505700E893E1 /* FashionAppUITests.xctest */ = {isa = PBXFileReference; explicitFileType = wrapper.cfbundle; includeInIndex = 0; path = FashionAppUITests.xctest; sourceTree = BUILT_PRODUCTS_DIR; };
		AADDDDB427C4505700E893E1 /* FashionAppUITests.swift */ = {isa = PBXFileReference; lastKnownFileType = sourcecode.swift; path = FashionAppUITests.swift; sourceTree = "<group>"; };
		AADDDDB627C4505700E893E1 /* FashionAppUITestsLaunchTests.swift */ = {isa = PBXFileReference; lastKnownFileType = sourcecode.swift; path = FashionAppUITestsLaunchTests.swift; sourceTree = "<group>"; };
		AAF38CC227DF63FD00211DFC /* ShapedImageView.swift */ = {isa = PBXFileReference; lastKnownFileType = sourcecode.swift; path = ShapedImageView.swift; sourceTree = "<group>"; };
		AAF38CC427DF755400211DFC /* ShadowView.swift */ = {isa = PBXFileReference; lastKnownFileType = sourcecode.swift; path = ShadowView.swift; sourceTree = "<group>"; };
/* End PBXFileReference section */

/* Begin PBXFrameworksBuildPhase section */
		AADDDD8A27C4505600E893E1 /* Frameworks */ = {
			isa = PBXFrameworksBuildPhase;
			buildActionMask = 2147483647;
			files = (
			);
			runOnlyForDeploymentPostprocessing = 0;
		};
		AADDDDA327C4505700E893E1 /* Frameworks */ = {
			isa = PBXFrameworksBuildPhase;
			buildActionMask = 2147483647;
			files = (
			);
			runOnlyForDeploymentPostprocessing = 0;
		};
		AADDDDAD27C4505700E893E1 /* Frameworks */ = {
			isa = PBXFrameworksBuildPhase;
			buildActionMask = 2147483647;
			files = (
			);
			runOnlyForDeploymentPostprocessing = 0;
		};
/* End PBXFrameworksBuildPhase section */

/* Begin PBXGroup section */
		AA053F8627F18870004DE5B2 /* ProductDetails */ = {
			isa = PBXGroup;
			children = (
				AA06BCCA27E22F5C003CFF77 /* ProductDetailsControllerView.swift */,
				AA053F8927F19525004DE5B2 /* ProductDetailsControllerView+Styles.swift */,
				AA053F8B27F195A5004DE5B2 /* ProductDetailsControllerView+Layout.swift */,
			);
			path = ProductDetails;
			sourceTree = "<group>";
		};
		AA06BCCC27E24694003CFF77 /* fonts */ = {
			isa = PBXGroup;
			children = (
				AA06BCE927E24E20003CFF77 /* RedHatDisplay */,
			);
			path = fonts;
			sourceTree = "<group>";
		};
		AA06BCE927E24E20003CFF77 /* RedHatDisplay */ = {
			isa = PBXGroup;
			children = (
				AA06BCD127E24E12003CFF77 /* RedHatDisplay-Black.ttf */,
				AA06BCD727E24E13003CFF77 /* RedHatDisplay-BlackItalic.ttf */,
				AA06BCD227E24E12003CFF77 /* RedHatDisplay-Bold.ttf */,
				AA06BCCE27E24E12003CFF77 /* RedHatDisplay-BoldItalic.ttf */,
				AA06BCD027E24E12003CFF77 /* RedHatDisplay-ExtraBold.ttf */,
				AA06BCD627E24E13003CFF77 /* RedHatDisplay-ExtraBoldItalic.ttf */,
				AA06BCD827E24E13003CFF77 /* RedHatDisplay-Italic.ttf */,
				AA06BCD427E24E13003CFF77 /* RedHatDisplay-Light.ttf */,
				AA06BCD527E24E13003CFF77 /* RedHatDisplay-LightItalic.ttf */,
				AA06BCCD27E24E12003CFF77 /* RedHatDisplay-Medium.ttf */,
				AA06BCDA27E24E13003CFF77 /* RedHatDisplay-MediumItalic.ttf */,
				AA06BCD327E24E12003CFF77 /* RedHatDisplay-Regular.ttf */,
				AA06BCD927E24E13003CFF77 /* RedHatDisplay-SemiBold.ttf */,
				AA06BCCF27E24E12003CFF77 /* RedHatDisplay-SemiBoldItalic.ttf */,
			);
			path = RedHatDisplay;
			sourceTree = "<group>";
		};
		AA0A520627EB3C00009B3BF2 /* Extensions */ = {
			isa = PBXGroup;
			children = (
				AA0A520927EB3C7A009B3BF2 /* CGFloat+Radians.swift */,
				AA0A520B27EB3CA6009B3BF2 /* NSDirectionalEdgeInsets+Init.swift */,
				AA0A520727EB3C30009B3BF2 /* UIFont+Preffered.swift */,
			);
			path = Extensions;
			sourceTree = "<group>";
		};
		AA0A521127EB49F9009B3BF2 /* View */ = {
			isa = PBXGroup;
			children = (
				AA477A2F27CD70B10044CDE7 /* CustomLayout.swift */,
				AA06BCEA27E2555C003CFF77 /* Fonts.swift */,
				AAF38CC427DF755400211DFC /* ShadowView.swift */,
				AAF38CC227DF63FD00211DFC /* ShapedImageView.swift */,
			);
			path = View;
			sourceTree = "<group>";
		};
		AA0A521227EB4A27009B3BF2 /* ViewModel */ = {
			isa = PBXGroup;
			children = (
				AAAE49E527F1009300F3FBD1 /* ProductCellViewModel.swift */,
				AA053F8427F1860D004DE5B2 /* ProductListViewModel.swift */,
				AA053F8727F18EA6004DE5B2 /* ProductViewModel.swift */,
			);
			path = ViewModel;
			sourceTree = "<group>";
		};
		AA0A521327EB5981009B3BF2 /* SupportFiles */ = {
			isa = PBXGroup;
			children = (
				AADDDD9027C4505600E893E1 /* AppDelegate.swift */,
				AADDDD9227C4505600E893E1 /* SceneDelegate.swift */,
				AADDDD9E27C4505700E893E1 /* LaunchScreen.storyboard */,
				AADDDD9927C4505600E893E1 /* FashionApp.xcdatamodeld */,
				AADDDDA127C4505700E893E1 /* Info.plist */,
				AADDDD9C27C4505700E893E1 /* Assets.xcassets */,
				AA06BCCC27E24694003CFF77 /* fonts */,
				AAAE49E727F100B700F3FBD1 /* Observable.swift */,
			);
			path = SupportFiles;
			sourceTree = "<group>";
		};
		AA0A521427EB60E5009B3BF2 /* Modules */ = {
			isa = PBXGroup;
			children = (
				AA053F8627F18870004DE5B2 /* ProductDetails */,
				AA0A521527EB60F2009B3BF2 /* ProductsList */,
			);
			path = Modules;
			sourceTree = "<group>";
		};
		AA0A521527EB60F2009B3BF2 /* ProductsList */ = {
			isa = PBXGroup;
			children = (
				AA8C542C27D26D8200B36D97 /* ProductCell.swift */,
				AA053F8D27F1A964004DE5B2 /* ProductCell+Styles.swift */,
				AA053F8F27F1AACA004DE5B2 /* ProductCell+Layout.swift */,
				AA06BCC627E22603003CFF77 /* ProductCellRounded.swift */,
				AA053F9127F1B29A004DE5B2 /* ProductCellRounded+Styles.swift */,
				AADDDD9427C4505600E893E1 /* ProductsListViewController.swift */,
				AA053F9327F1D69E004DE5B2 /* ProductListViewController+Layout.swift */,
			);
			path = ProductsList;
			sourceTree = "<group>";
		};
		AA8C543027D26E1D00B36D97 /* Model */ = {
			isa = PBXGroup;
			children = (
				AA8C542E27D26E1500B36D97 /* Product.swift */,
			);
			path = Model;
			sourceTree = "<group>";
		};
		AADDDD8427C4505600E893E1 = {
			isa = PBXGroup;
			children = (
				AADDDD8F27C4505600E893E1 /* FashionApp */,
				AADDDDA927C4505700E893E1 /* FashionAppTests */,
				AADDDDB327C4505700E893E1 /* FashionAppUITests */,
				AADDDD8E27C4505600E893E1 /* Products */,
			);
			sourceTree = "<group>";
		};
		AADDDD8E27C4505600E893E1 /* Products */ = {
			isa = PBXGroup;
			children = (
				AADDDD8D27C4505600E893E1 /* FashionApp.app */,
				AADDDDA627C4505700E893E1 /* FashionAppTests.xctest */,
				AADDDDB027C4505700E893E1 /* FashionAppUITests.xctest */,
			);
			name = Products;
			sourceTree = "<group>";
		};
		AADDDD8F27C4505600E893E1 /* FashionApp */ = {
			isa = PBXGroup;
			children = (
				AA8C543027D26E1D00B36D97 /* Model */,
				AA0A521427EB60E5009B3BF2 /* Modules */,
				AA0A521127EB49F9009B3BF2 /* View */,
				AA0A521227EB4A27009B3BF2 /* ViewModel */,
				AA0A521327EB5981009B3BF2 /* SupportFiles */,
				AA0A520627EB3C00009B3BF2 /* Extensions */,
			);
			path = FashionApp;
			sourceTree = "<group>";
		};
		AADDDDA927C4505700E893E1 /* FashionAppTests */ = {
			isa = PBXGroup;
			children = (
				AADDDDAA27C4505700E893E1 /* FashionAppTests.swift */,
			);
			path = FashionAppTests;
			sourceTree = "<group>";
		};
		AADDDDB327C4505700E893E1 /* FashionAppUITests */ = {
			isa = PBXGroup;
			children = (
				AADDDDB427C4505700E893E1 /* FashionAppUITests.swift */,
				AADDDDB627C4505700E893E1 /* FashionAppUITestsLaunchTests.swift */,
			);
			path = FashionAppUITests;
			sourceTree = "<group>";
		};
/* End PBXGroup section */

/* Begin PBXNativeTarget section */
		AADDDD8C27C4505600E893E1 /* FashionApp */ = {
			isa = PBXNativeTarget;
			buildConfigurationList = AADDDDBA27C4505700E893E1 /* Build configuration list for PBXNativeTarget "FashionApp" */;
			buildPhases = (
				AADDDD8927C4505600E893E1 /* Sources */,
				AADDDD8A27C4505600E893E1 /* Frameworks */,
				AADDDD8B27C4505600E893E1 /* Resources */,
			);
			buildRules = (
			);
			dependencies = (
			);
			name = FashionApp;
			productName = FashionApp;
			productReference = AADDDD8D27C4505600E893E1 /* FashionApp.app */;
			productType = "com.apple.product-type.application";
		};
		AADDDDA527C4505700E893E1 /* FashionAppTests */ = {
			isa = PBXNativeTarget;
			buildConfigurationList = AADDDDBD27C4505700E893E1 /* Build configuration list for PBXNativeTarget "FashionAppTests" */;
			buildPhases = (
				AADDDDA227C4505700E893E1 /* Sources */,
				AADDDDA327C4505700E893E1 /* Frameworks */,
				AADDDDA427C4505700E893E1 /* Resources */,
			);
			buildRules = (
			);
			dependencies = (
				AADDDDA827C4505700E893E1 /* PBXTargetDependency */,
			);
			name = FashionAppTests;
			productName = FashionAppTests;
			productReference = AADDDDA627C4505700E893E1 /* FashionAppTests.xctest */;
			productType = "com.apple.product-type.bundle.unit-test";
		};
		AADDDDAF27C4505700E893E1 /* FashionAppUITests */ = {
			isa = PBXNativeTarget;
			buildConfigurationList = AADDDDC027C4505700E893E1 /* Build configuration list for PBXNativeTarget "FashionAppUITests" */;
			buildPhases = (
				AADDDDAC27C4505700E893E1 /* Sources */,
				AADDDDAD27C4505700E893E1 /* Frameworks */,
				AADDDDAE27C4505700E893E1 /* Resources */,
			);
			buildRules = (
			);
			dependencies = (
				AADDDDB227C4505700E893E1 /* PBXTargetDependency */,
			);
			name = FashionAppUITests;
			productName = FashionAppUITests;
			productReference = AADDDDB027C4505700E893E1 /* FashionAppUITests.xctest */;
			productType = "com.apple.product-type.bundle.ui-testing";
		};
/* End PBXNativeTarget section */

/* Begin PBXProject section */
		AADDDD8527C4505600E893E1 /* Project object */ = {
			isa = PBXProject;
			attributes = {
				BuildIndependentTargetsInParallel = 1;
				LastSwiftUpdateCheck = 1320;
				LastUpgradeCheck = 1320;
				TargetAttributes = {
					AADDDD8C27C4505600E893E1 = {
						CreatedOnToolsVersion = 13.2.1;
					};
					AADDDDA527C4505700E893E1 = {
						CreatedOnToolsVersion = 13.2.1;
						TestTargetID = AADDDD8C27C4505600E893E1;
					};
					AADDDDAF27C4505700E893E1 = {
						CreatedOnToolsVersion = 13.2.1;
						TestTargetID = AADDDD8C27C4505600E893E1;
					};
				};
			};
			buildConfigurationList = AADDDD8827C4505600E893E1 /* Build configuration list for PBXProject "FashionApp" */;
			compatibilityVersion = "Xcode 13.0";
			developmentRegion = en;
			hasScannedForEncodings = 0;
			knownRegions = (
				en,
				Base,
			);
			mainGroup = AADDDD8427C4505600E893E1;
			productRefGroup = AADDDD8E27C4505600E893E1 /* Products */;
			projectDirPath = "";
			projectRoot = "";
			targets = (
				AADDDD8C27C4505600E893E1 /* FashionApp */,
				AADDDDA527C4505700E893E1 /* FashionAppTests */,
				AADDDDAF27C4505700E893E1 /* FashionAppUITests */,
			);
		};
/* End PBXProject section */

/* Begin PBXResourcesBuildPhase section */
		AADDDD8B27C4505600E893E1 /* Resources */ = {
			isa = PBXResourcesBuildPhase;
			buildActionMask = 2147483647;
			files = (
				AA06BCE727E24E13003CFF77 /* RedHatDisplay-SemiBold.ttf in Resources */,
				AA06BCDD27E24E13003CFF77 /* RedHatDisplay-SemiBoldItalic.ttf in Resources */,
				AA06BCDB27E24E13003CFF77 /* RedHatDisplay-Medium.ttf in Resources */,
				AA06BCE127E24E13003CFF77 /* RedHatDisplay-Regular.ttf in Resources */,
				AADDDDA027C4505700E893E1 /* LaunchScreen.storyboard in Resources */,
				AA06BCDF27E24E13003CFF77 /* RedHatDisplay-Black.ttf in Resources */,
				AA06BCDC27E24E13003CFF77 /* RedHatDisplay-BoldItalic.ttf in Resources */,
				AA06BCE327E24E13003CFF77 /* RedHatDisplay-LightItalic.ttf in Resources */,
				AADDDD9D27C4505700E893E1 /* Assets.xcassets in Resources */,
				AA06BCE227E24E13003CFF77 /* RedHatDisplay-Light.ttf in Resources */,
				AA06BCDE27E24E13003CFF77 /* RedHatDisplay-ExtraBold.ttf in Resources */,
				AA06BCE027E24E13003CFF77 /* RedHatDisplay-Bold.ttf in Resources */,
				AA06BCE627E24E13003CFF77 /* RedHatDisplay-Italic.ttf in Resources */,
				AA06BCE427E24E13003CFF77 /* RedHatDisplay-ExtraBoldItalic.ttf in Resources */,
				AA06BCE527E24E13003CFF77 /* RedHatDisplay-BlackItalic.ttf in Resources */,
				AA06BCE827E24E13003CFF77 /* RedHatDisplay-MediumItalic.ttf in Resources */,
			);
			runOnlyForDeploymentPostprocessing = 0;
		};
		AADDDDA427C4505700E893E1 /* Resources */ = {
			isa = PBXResourcesBuildPhase;
			buildActionMask = 2147483647;
			files = (
			);
			runOnlyForDeploymentPostprocessing = 0;
		};
		AADDDDAE27C4505700E893E1 /* Resources */ = {
			isa = PBXResourcesBuildPhase;
			buildActionMask = 2147483647;
			files = (
			);
			runOnlyForDeploymentPostprocessing = 0;
		};
/* End PBXResourcesBuildPhase section */

/* Begin PBXSourcesBuildPhase section */
		AADDDD8927C4505600E893E1 /* Sources */ = {
			isa = PBXSourcesBuildPhase;
			buildActionMask = 2147483647;
			files = (
				AA0A520A27EB3C7A009B3BF2 /* CGFloat+Radians.swift in Sources */,
				AA053F8E27F1A964004DE5B2 /* ProductCell+Styles.swift in Sources */,
				AA053F9427F1D69E004DE5B2 /* ProductListViewController+Layout.swift in Sources */,
				AADDDD9B27C4505600E893E1 /* FashionApp.xcdatamodeld in Sources */,
				AAAE49E627F1009300F3FBD1 /* ProductCellViewModel.swift in Sources */,
				AA0A520C27EB3CA6009B3BF2 /* NSDirectionalEdgeInsets+Init.swift in Sources */,
				AA477A3027CD70B10044CDE7 /* CustomLayout.swift in Sources */,
				AA053F8C27F195A5004DE5B2 /* ProductDetailsControllerView+Layout.swift in Sources */,
				AA053F8A27F19525004DE5B2 /* ProductDetailsControllerView+Styles.swift in Sources */,
				AA053F9027F1AACA004DE5B2 /* ProductCell+Layout.swift in Sources */,
				AA053F8827F18EA6004DE5B2 /* ProductViewModel.swift in Sources */,
				AA06BCEB27E2555C003CFF77 /* Fonts.swift in Sources */,
				AA053F9227F1B29A004DE5B2 /* ProductCellRounded+Styles.swift in Sources */,
				AADDDD9527C4505600E893E1 /* ProductsListViewController.swift in Sources */,
				AAF38CC327DF63FD00211DFC /* ShapedImageView.swift in Sources */,
				AAF38CC527DF755400211DFC /* ShadowView.swift in Sources */,
				AA06BCCB27E22F5C003CFF77 /* ProductDetailsControllerView.swift in Sources */,
				AA06BCC727E22603003CFF77 /* ProductCellRounded.swift in Sources */,
				AA8C542D27D26D8200B36D97 /* ProductCell.swift in Sources */,
				AAAE49E827F100B700F3FBD1 /* Observable.swift in Sources */,
				AADDDD9127C4505600E893E1 /* AppDelegate.swift in Sources */,
				AA053F8527F1860D004DE5B2 /* ProductListViewModel.swift in Sources */,
				AA0A520827EB3C30009B3BF2 /* UIFont+Preffered.swift in Sources */,
				AADDDD9327C4505600E893E1 /* SceneDelegate.swift in Sources */,
				AA8C542F27D26E1500B36D97 /* Product.swift in Sources */,
			);
			runOnlyForDeploymentPostprocessing = 0;
		};
		AADDDDA227C4505700E893E1 /* Sources */ = {
			isa = PBXSourcesBuildPhase;
			buildActionMask = 2147483647;
			files = (
				AADDDDAB27C4505700E893E1 /* FashionAppTests.swift in Sources */,
			);
			runOnlyForDeploymentPostprocessing = 0;
		};
		AADDDDAC27C4505700E893E1 /* Sources */ = {
			isa = PBXSourcesBuildPhase;
			buildActionMask = 2147483647;
			files = (
				AADDDDB527C4505700E893E1 /* FashionAppUITests.swift in Sources */,
				AADDDDB727C4505700E893E1 /* FashionAppUITestsLaunchTests.swift in Sources */,
			);
			runOnlyForDeploymentPostprocessing = 0;
		};
/* End PBXSourcesBuildPhase section */

/* Begin PBXTargetDependency section */
		AADDDDA827C4505700E893E1 /* PBXTargetDependency */ = {
			isa = PBXTargetDependency;
			target = AADDDD8C27C4505600E893E1 /* FashionApp */;
			targetProxy = AADDDDA727C4505700E893E1 /* PBXContainerItemProxy */;
		};
		AADDDDB227C4505700E893E1 /* PBXTargetDependency */ = {
			isa = PBXTargetDependency;
			target = AADDDD8C27C4505600E893E1 /* FashionApp */;
			targetProxy = AADDDDB127C4505700E893E1 /* PBXContainerItemProxy */;
		};
/* End PBXTargetDependency section */

/* Begin PBXVariantGroup section */
		AADDDD9E27C4505700E893E1 /* LaunchScreen.storyboard */ = {
			isa = PBXVariantGroup;
			children = (
				AADDDD9F27C4505700E893E1 /* Base */,
			);
			name = LaunchScreen.storyboard;
			sourceTree = "<group>";
		};
/* End PBXVariantGroup section */

/* Begin XCBuildConfiguration section */
		AADDDDB827C4505700E893E1 /* Debug */ = {
			isa = XCBuildConfiguration;
			buildSettings = {
				ALWAYS_SEARCH_USER_PATHS = NO;
				CLANG_ANALYZER_NONNULL = YES;
				CLANG_ANALYZER_NUMBER_OBJECT_CONVERSION = YES_AGGRESSIVE;
				CLANG_CXX_LANGUAGE_STANDARD = "gnu++17";
				CLANG_CXX_LIBRARY = "libc++";
				CLANG_ENABLE_MODULES = YES;
				CLANG_ENABLE_OBJC_ARC = YES;
				CLANG_ENABLE_OBJC_WEAK = YES;
				CLANG_WARN_BLOCK_CAPTURE_AUTORELEASING = YES;
				CLANG_WARN_BOOL_CONVERSION = YES;
				CLANG_WARN_COMMA = YES;
				CLANG_WARN_CONSTANT_CONVERSION = YES;
				CLANG_WARN_DEPRECATED_OBJC_IMPLEMENTATIONS = YES;
				CLANG_WARN_DIRECT_OBJC_ISA_USAGE = YES_ERROR;
				CLANG_WARN_DOCUMENTATION_COMMENTS = YES;
				CLANG_WARN_EMPTY_BODY = YES;
				CLANG_WARN_ENUM_CONVERSION = YES;
				CLANG_WARN_INFINITE_RECURSION = YES;
				CLANG_WARN_INT_CONVERSION = YES;
				CLANG_WARN_NON_LITERAL_NULL_CONVERSION = YES;
				CLANG_WARN_OBJC_IMPLICIT_RETAIN_SELF = YES;
				CLANG_WARN_OBJC_LITERAL_CONVERSION = YES;
				CLANG_WARN_OBJC_ROOT_CLASS = YES_ERROR;
				CLANG_WARN_QUOTED_INCLUDE_IN_FRAMEWORK_HEADER = YES;
				CLANG_WARN_RANGE_LOOP_ANALYSIS = YES;
				CLANG_WARN_STRICT_PROTOTYPES = YES;
				CLANG_WARN_SUSPICIOUS_MOVE = YES;
				CLANG_WARN_UNGUARDED_AVAILABILITY = YES_AGGRESSIVE;
				CLANG_WARN_UNREACHABLE_CODE = YES;
				CLANG_WARN__DUPLICATE_METHOD_MATCH = YES;
				COPY_PHASE_STRIP = NO;
				DEBUG_INFORMATION_FORMAT = dwarf;
				ENABLE_STRICT_OBJC_MSGSEND = YES;
				ENABLE_TESTABILITY = YES;
				GCC_C_LANGUAGE_STANDARD = gnu11;
				GCC_DYNAMIC_NO_PIC = NO;
				GCC_NO_COMMON_BLOCKS = YES;
				GCC_OPTIMIZATION_LEVEL = 0;
				GCC_PREPROCESSOR_DEFINITIONS = (
					"DEBUG=1",
					"$(inherited)",
				);
				GCC_WARN_64_TO_32_BIT_CONVERSION = YES;
				GCC_WARN_ABOUT_RETURN_TYPE = YES_ERROR;
				GCC_WARN_UNDECLARED_SELECTOR = YES;
				GCC_WARN_UNINITIALIZED_AUTOS = YES_AGGRESSIVE;
				GCC_WARN_UNUSED_FUNCTION = YES;
				GCC_WARN_UNUSED_VARIABLE = YES;
				IPHONEOS_DEPLOYMENT_TARGET = 13.0;
				MTL_ENABLE_DEBUG_INFO = INCLUDE_SOURCE;
				MTL_FAST_MATH = YES;
				ONLY_ACTIVE_ARCH = YES;
				SDKROOT = iphoneos;
				SWIFT_ACTIVE_COMPILATION_CONDITIONS = DEBUG;
				SWIFT_OPTIMIZATION_LEVEL = "-Onone";
			};
			name = Debug;
		};
		AADDDDB927C4505700E893E1 /* Release */ = {
			isa = XCBuildConfiguration;
			buildSettings = {
				ALWAYS_SEARCH_USER_PATHS = NO;
				CLANG_ANALYZER_NONNULL = YES;
				CLANG_ANALYZER_NUMBER_OBJECT_CONVERSION = YES_AGGRESSIVE;
				CLANG_CXX_LANGUAGE_STANDARD = "gnu++17";
				CLANG_CXX_LIBRARY = "libc++";
				CLANG_ENABLE_MODULES = YES;
				CLANG_ENABLE_OBJC_ARC = YES;
				CLANG_ENABLE_OBJC_WEAK = YES;
				CLANG_WARN_BLOCK_CAPTURE_AUTORELEASING = YES;
				CLANG_WARN_BOOL_CONVERSION = YES;
				CLANG_WARN_COMMA = YES;
				CLANG_WARN_CONSTANT_CONVERSION = YES;
				CLANG_WARN_DEPRECATED_OBJC_IMPLEMENTATIONS = YES;
				CLANG_WARN_DIRECT_OBJC_ISA_USAGE = YES_ERROR;
				CLANG_WARN_DOCUMENTATION_COMMENTS = YES;
				CLANG_WARN_EMPTY_BODY = YES;
				CLANG_WARN_ENUM_CONVERSION = YES;
				CLANG_WARN_INFINITE_RECURSION = YES;
				CLANG_WARN_INT_CONVERSION = YES;
				CLANG_WARN_NON_LITERAL_NULL_CONVERSION = YES;
				CLANG_WARN_OBJC_IMPLICIT_RETAIN_SELF = YES;
				CLANG_WARN_OBJC_LITERAL_CONVERSION = YES;
				CLANG_WARN_OBJC_ROOT_CLASS = YES_ERROR;
				CLANG_WARN_QUOTED_INCLUDE_IN_FRAMEWORK_HEADER = YES;
				CLANG_WARN_RANGE_LOOP_ANALYSIS = YES;
				CLANG_WARN_STRICT_PROTOTYPES = YES;
				CLANG_WARN_SUSPICIOUS_MOVE = YES;
				CLANG_WARN_UNGUARDED_AVAILABILITY = YES_AGGRESSIVE;
				CLANG_WARN_UNREACHABLE_CODE = YES;
				CLANG_WARN__DUPLICATE_METHOD_MATCH = YES;
				COPY_PHASE_STRIP = NO;
				DEBUG_INFORMATION_FORMAT = "dwarf-with-dsym";
				ENABLE_NS_ASSERTIONS = NO;
				ENABLE_STRICT_OBJC_MSGSEND = YES;
				GCC_C_LANGUAGE_STANDARD = gnu11;
				GCC_NO_COMMON_BLOCKS = YES;
				GCC_WARN_64_TO_32_BIT_CONVERSION = YES;
				GCC_WARN_ABOUT_RETURN_TYPE = YES_ERROR;
				GCC_WARN_UNDECLARED_SELECTOR = YES;
				GCC_WARN_UNINITIALIZED_AUTOS = YES_AGGRESSIVE;
				GCC_WARN_UNUSED_FUNCTION = YES;
				GCC_WARN_UNUSED_VARIABLE = YES;
				IPHONEOS_DEPLOYMENT_TARGET = 13.0;
				MTL_ENABLE_DEBUG_INFO = NO;
				MTL_FAST_MATH = YES;
				SDKROOT = iphoneos;
				SWIFT_COMPILATION_MODE = wholemodule;
				SWIFT_OPTIMIZATION_LEVEL = "-O";
				VALIDATE_PRODUCT = YES;
			};
			name = Release;
		};
		AADDDDBB27C4505700E893E1 /* Debug */ = {
			isa = XCBuildConfiguration;
			buildSettings = {
				ASSETCATALOG_COMPILER_APPICON_NAME = AppIcon;
				ASSETCATALOG_COMPILER_GLOBAL_ACCENT_COLOR_NAME = AccentColor;
				CODE_SIGN_STYLE = Automatic;
				CURRENT_PROJECT_VERSION = 1;
				DEVELOPMENT_TEAM = 8JWF52JVK7;
				GENERATE_INFOPLIST_FILE = YES;
				INFOPLIST_FILE = FashionApp/SupportFiles/Info.plist;
				INFOPLIST_KEY_UIApplicationSupportsIndirectInputEvents = YES;
				INFOPLIST_KEY_UILaunchStoryboardName = LaunchScreen;
				INFOPLIST_KEY_UISupportedInterfaceOrientations_iPad = "UIInterfaceOrientationPortrait UIInterfaceOrientationPortraitUpsideDown UIInterfaceOrientationLandscapeLeft UIInterfaceOrientationLandscapeRight";
				INFOPLIST_KEY_UISupportedInterfaceOrientations_iPhone = "UIInterfaceOrientationPortrait UIInterfaceOrientationLandscapeLeft UIInterfaceOrientationLandscapeRight";
				LD_RUNPATH_SEARCH_PATHS = (
					"$(inherited)",
					"@executable_path/Frameworks",
				);
				MARKETING_VERSION = 1.0;
				PRODUCT_BUNDLE_IDENTIFIER = come.azatkaiumov.FashionApp;
				PRODUCT_NAME = "$(TARGET_NAME)";
				SWIFT_EMIT_LOC_STRINGS = YES;
				SWIFT_VERSION = 5.0;
				TARGETED_DEVICE_FAMILY = "1,2";
			};
			name = Debug;
		};
		AADDDDBC27C4505700E893E1 /* Release */ = {
			isa = XCBuildConfiguration;
			buildSettings = {
				ASSETCATALOG_COMPILER_APPICON_NAME = AppIcon;
				ASSETCATALOG_COMPILER_GLOBAL_ACCENT_COLOR_NAME = AccentColor;
				CODE_SIGN_STYLE = Automatic;
				CURRENT_PROJECT_VERSION = 1;
				DEVELOPMENT_TEAM = 8JWF52JVK7;
				GENERATE_INFOPLIST_FILE = YES;
				INFOPLIST_FILE = FashionApp/SupportFiles/Info.plist;
				INFOPLIST_KEY_UIApplicationSupportsIndirectInputEvents = YES;
				INFOPLIST_KEY_UILaunchStoryboardName = LaunchScreen;
				INFOPLIST_KEY_UISupportedInterfaceOrientations_iPad = "UIInterfaceOrientationPortrait UIInterfaceOrientationPortraitUpsideDown UIInterfaceOrientationLandscapeLeft UIInterfaceOrientationLandscapeRight";
				INFOPLIST_KEY_UISupportedInterfaceOrientations_iPhone = "UIInterfaceOrientationPortrait UIInterfaceOrientationLandscapeLeft UIInterfaceOrientationLandscapeRight";
				LD_RUNPATH_SEARCH_PATHS = (
					"$(inherited)",
					"@executable_path/Frameworks",
				);
				MARKETING_VERSION = 1.0;
				PRODUCT_BUNDLE_IDENTIFIER = come.azatkaiumov.FashionApp;
				PRODUCT_NAME = "$(TARGET_NAME)";
				SWIFT_EMIT_LOC_STRINGS = YES;
				SWIFT_VERSION = 5.0;
				TARGETED_DEVICE_FAMILY = "1,2";
			};
			name = Release;
		};
		AADDDDBE27C4505700E893E1 /* Debug */ = {
			isa = XCBuildConfiguration;
			buildSettings = {
				ALWAYS_EMBED_SWIFT_STANDARD_LIBRARIES = YES;
				BUNDLE_LOADER = "$(TEST_HOST)";
				CODE_SIGN_STYLE = Automatic;
				CURRENT_PROJECT_VERSION = 1;
				DEVELOPMENT_TEAM = 8JWF52JVK7;
				GENERATE_INFOPLIST_FILE = YES;
				IPHONEOS_DEPLOYMENT_TARGET = 15.2;
				MARKETING_VERSION = 1.0;
				PRODUCT_BUNDLE_IDENTIFIER = come.azatkaiumov.FashionAppTests;
				PRODUCT_NAME = "$(TARGET_NAME)";
				SWIFT_EMIT_LOC_STRINGS = NO;
				SWIFT_VERSION = 5.0;
				TARGETED_DEVICE_FAMILY = "1,2";
				TEST_HOST = "$(BUILT_PRODUCTS_DIR)/FashionApp.app/FashionApp";
			};
			name = Debug;
		};
		AADDDDBF27C4505700E893E1 /* Release */ = {
			isa = XCBuildConfiguration;
			buildSettings = {
				ALWAYS_EMBED_SWIFT_STANDARD_LIBRARIES = YES;
				BUNDLE_LOADER = "$(TEST_HOST)";
				CODE_SIGN_STYLE = Automatic;
				CURRENT_PROJECT_VERSION = 1;
				DEVELOPMENT_TEAM = 8JWF52JVK7;
				GENERATE_INFOPLIST_FILE = YES;
				IPHONEOS_DEPLOYMENT_TARGET = 15.2;
				MARKETING_VERSION = 1.0;
				PRODUCT_BUNDLE_IDENTIFIER = come.azatkaiumov.FashionAppTests;
				PRODUCT_NAME = "$(TARGET_NAME)";
				SWIFT_EMIT_LOC_STRINGS = NO;
				SWIFT_VERSION = 5.0;
				TARGETED_DEVICE_FAMILY = "1,2";
				TEST_HOST = "$(BUILT_PRODUCTS_DIR)/FashionApp.app/FashionApp";
			};
			name = Release;
		};
		AADDDDC127C4505700E893E1 /* Debug */ = {
			isa = XCBuildConfiguration;
			buildSettings = {
				ALWAYS_EMBED_SWIFT_STANDARD_LIBRARIES = YES;
				CODE_SIGN_STYLE = Automatic;
				CURRENT_PROJECT_VERSION = 1;
				DEVELOPMENT_TEAM = 8JWF52JVK7;
				GENERATE_INFOPLIST_FILE = YES;
				MARKETING_VERSION = 1.0;
				PRODUCT_BUNDLE_IDENTIFIER = come.azatkaiumov.FashionAppUITests;
				PRODUCT_NAME = "$(TARGET_NAME)";
				SWIFT_EMIT_LOC_STRINGS = NO;
				SWIFT_VERSION = 5.0;
				TARGETED_DEVICE_FAMILY = "1,2";
				TEST_TARGET_NAME = FashionApp;
			};
			name = Debug;
		};
		AADDDDC227C4505700E893E1 /* Release */ = {
			isa = XCBuildConfiguration;
			buildSettings = {
				ALWAYS_EMBED_SWIFT_STANDARD_LIBRARIES = YES;
				CODE_SIGN_STYLE = Automatic;
				CURRENT_PROJECT_VERSION = 1;
				DEVELOPMENT_TEAM = 8JWF52JVK7;
				GENERATE_INFOPLIST_FILE = YES;
				MARKETING_VERSION = 1.0;
				PRODUCT_BUNDLE_IDENTIFIER = come.azatkaiumov.FashionAppUITests;
				PRODUCT_NAME = "$(TARGET_NAME)";
				SWIFT_EMIT_LOC_STRINGS = NO;
				SWIFT_VERSION = 5.0;
				TARGETED_DEVICE_FAMILY = "1,2";
				TEST_TARGET_NAME = FashionApp;
			};
			name = Release;
		};
/* End XCBuildConfiguration section */

/* Begin XCConfigurationList section */
		AADDDD8827C4505600E893E1 /* Build configuration list for PBXProject "FashionApp" */ = {
			isa = XCConfigurationList;
			buildConfigurations = (
				AADDDDB827C4505700E893E1 /* Debug */,
				AADDDDB927C4505700E893E1 /* Release */,
			);
			defaultConfigurationIsVisible = 0;
			defaultConfigurationName = Release;
		};
		AADDDDBA27C4505700E893E1 /* Build configuration list for PBXNativeTarget "FashionApp" */ = {
			isa = XCConfigurationList;
			buildConfigurations = (
				AADDDDBB27C4505700E893E1 /* Debug */,
				AADDDDBC27C4505700E893E1 /* Release */,
			);
			defaultConfigurationIsVisible = 0;
			defaultConfigurationName = Release;
		};
		AADDDDBD27C4505700E893E1 /* Build configuration list for PBXNativeTarget "FashionAppTests" */ = {
			isa = XCConfigurationList;
			buildConfigurations = (
				AADDDDBE27C4505700E893E1 /* Debug */,
				AADDDDBF27C4505700E893E1 /* Release */,
			);
			defaultConfigurationIsVisible = 0;
			defaultConfigurationName = Release;
		};
		AADDDDC027C4505700E893E1 /* Build configuration list for PBXNativeTarget "FashionAppUITests" */ = {
			isa = XCConfigurationList;
			buildConfigurations = (
				AADDDDC127C4505700E893E1 /* Debug */,
				AADDDDC227C4505700E893E1 /* Release */,
			);
			defaultConfigurationIsVisible = 0;
			defaultConfigurationName = Release;
		};
/* End XCConfigurationList section */

/* Begin XCVersionGroup section */
		AADDDD9927C4505600E893E1 /* FashionApp.xcdatamodeld */ = {
			isa = XCVersionGroup;
			children = (
				AADDDD9A27C4505600E893E1 /* FashionApp.xcdatamodel */,
			);
			currentVersion = AADDDD9A27C4505600E893E1 /* FashionApp.xcdatamodel */;
			path = FashionApp.xcdatamodeld;
			sourceTree = "<group>";
			versionGroupType = wrapper.xcdatamodel;
		};
/* End XCVersionGroup section */
	};
	rootObject = AADDDD8527C4505600E893E1 /* Project object */;
}
