// !$*UTF8*$!
{
	archiveVersion = 1;
	classes = {
	};
	objectVersion = 55;
	objects = {

/* Begin PBXBuildFile section */
		AA053F8527F1860D004DE5B2 /* ProductsListViewModel.swift in Sources */ = {isa = PBXBuildFile; fileRef = AA053F8427F1860D004DE5B2 /* ProductsListViewModel.swift */; };
		AA053F8827F18EA6004DE5B2 /* ProductViewModel.swift in Sources */ = {isa = PBXBuildFile; fileRef = AA053F8727F18EA6004DE5B2 /* ProductViewModel.swift */; };
		AA053F8A27F19525004DE5B2 /* ProductDetailsViewControllerStyles.swift in Sources */ = {isa = PBXBuildFile; fileRef = AA053F8927F19525004DE5B2 /* ProductDetailsViewControllerStyles.swift */; };
		AA053F8C27F195A5004DE5B2 /* ProductDetailsViewControllerLayout.swift in Sources */ = {isa = PBXBuildFile; fileRef = AA053F8B27F195A5004DE5B2 /* ProductDetailsViewControllerLayout.swift */; };
		AA053F8E27F1A964004DE5B2 /* ProductCellStyles.swift in Sources */ = {isa = PBXBuildFile; fileRef = AA053F8D27F1A964004DE5B2 /* ProductCellStyles.swift */; };
		AA053F9027F1AACA004DE5B2 /* ProductCellLayout.swift in Sources */ = {isa = PBXBuildFile; fileRef = AA053F8F27F1AACA004DE5B2 /* ProductCellLayout.swift */; };
		AA053F9227F1B29A004DE5B2 /* ProductCellRoundedStyles.swift in Sources */ = {isa = PBXBuildFile; fileRef = AA053F9127F1B29A004DE5B2 /* ProductCellRoundedStyles.swift */; };
		AA053F9427F1D69E004DE5B2 /* ProductListViewControllerLayout.swift in Sources */ = {isa = PBXBuildFile; fileRef = AA053F9327F1D69E004DE5B2 /* ProductListViewControllerLayout.swift */; };
		AA06BCC727E22603003CFF77 /* ProductCellRounded.swift in Sources */ = {isa = PBXBuildFile; fileRef = AA06BCC627E22603003CFF77 /* ProductCellRounded.swift */; };
		AA06BCCB27E22F5C003CFF77 /* ProductDetailsViewController.swift in Sources */ = {isa = PBXBuildFile; fileRef = AA06BCCA27E22F5C003CFF77 /* ProductDetailsViewController.swift */; };
		AA06BCDB27E24E13003CFF77 /* RedHatDisplay-Medium.ttf in Resources */ = {isa = PBXBuildFile; fileRef = AA06BCCD27E24E12003CFF77 /* RedHatDisplay-Medium.ttf */; };
		AA06BCDC27E24E13003CFF77 /* RedHatDisplay-BoldItalic.ttf in Resources */ = {isa = PBXBuildFile; fileRef = AA06BCCE27E24E12003CFF77 /* RedHatDisplay-BoldItalic.ttf */; };
		AA06BCDD27E24E13003CFF77 /* RedHatDisplay-SemiBoldItalic.ttf in Resources */ = {isa = PBXBuildFile; fileRef = AA06BCCF27E24E12003CFF77 /* RedHatDisplay-SemiBoldItalic.ttf */; };
		AA06BCDE27E24E13003CFF77 /* RedHatDisplay-ExtraBold.ttf in Resources */ = {isa = PBXBuildFile; fileRef = AA06BCD027E24E12003CFF77 /* RedHatDisplay-ExtraBold.ttf */; };
		AA06BCDF27E24E13003CFF77 /* RedHatDisplay-Black.ttf in Resources */ = {isa = PBXBuildFile; fileRef = AA06BCD127E24E12003CFF77 /* RedHatDisplay-Black.ttf */; };
		AA06BCE027E24E13003CFF77 /* RedHatDisplay-Bold.ttf in Resources */ = {isa = PBXBuildFile; fileRef = AA06BCD227E24E12003CFF77 /* RedHatDisplay-Bold.ttf */; };
		AA06BCE127E24E13003CFF77 /* RedHatDisplay-Regular.ttf in Resources */ = {isa = PBXBuildFile; fileRef = AA06BCD327E24E12003CFF77 /* RedHatDisplay-Regular.ttf */; };
		AA06BCE227E24E13003CFF77 /* RedHatDisplay-Light.ttf in Resources */ = {isa = PBXBuildFile; fileRef = AA06BCD427E24E13003CFF77 /* RedHatDisplay-Light.ttf */; };
		AA06BCE327E24E13003CFF77 /* RedHatDisplay-LightItalic.ttf in Resources */ = {isa = PBXBuildFile; fileRef = AA06BCD527E24E13003CFF77 /* RedHatDisplay-LightItalic.ttf */; };
		AA06BCE427E24E13003CFF77 /* RedHatDisplay-ExtraBoldItalic.ttf in Resources */ = {isa = PBXBuildFile; fileRef = AA06BCD627E24E13003CFF77 /* RedHatDisplay-ExtraBoldItalic.ttf */; };
		AA06BCE527E24E13003CFF77 /* RedHatDisplay-BlackItalic.ttf in Resources */ = {isa = PBXBuildFile; fileRef = AA06BCD727E24E13003CFF77 /* RedHatDisplay-BlackItalic.ttf */; };
		AA06BCE627E24E13003CFF77 /* RedHatDisplay-Italic.ttf in Resources */ = {isa = PBXBuildFile; fileRef = AA06BCD827E24E13003CFF77 /* RedHatDisplay-Italic.ttf */; };
		AA06BCE727E24E13003CFF77 /* RedHatDisplay-SemiBold.ttf in Resources */ = {isa = PBXBuildFile; fileRef = AA06BCD927E24E13003CFF77 /* RedHatDisplay-SemiBold.ttf */; };
		AA06BCE827E24E13003CFF77 /* RedHatDisplay-MediumItalic.ttf in Resources */ = {isa = PBXBuildFile; fileRef = AA06BCDA27E24E13003CFF77 /* RedHatDisplay-MediumItalic.ttf */; };
		AA06BCEB27E2555C003CFF77 /* Fonts.swift in Sources */ = {isa = PBXBuildFile; fileRef = AA06BCEA27E2555C003CFF77 /* Fonts.swift */; };
		AA0A520827EB3C30009B3BF2 /* UIFont+Preferred.swift in Sources */ = {isa = PBXBuildFile; fileRef = AA0A520727EB3C30009B3BF2 /* UIFont+Preferred.swift */; };
		AA0A520A27EB3C7A009B3BF2 /* CGFloat+Radians.swift in Sources */ = {isa = PBXBuildFile; fileRef = AA0A520927EB3C7A009B3BF2 /* CGFloat+Radians.swift */; };
		AA0A520C27EB3CA6009B3BF2 /* NSDirectionalEdgeInsets+Init.swift in Sources */ = {isa = PBXBuildFile; fileRef = AA0A520B27EB3CA6009B3BF2 /* NSDirectionalEdgeInsets+Init.swift */; };
		AA13C599283B6169007B83D2 /* ImagesRepository.swift in Sources */ = {isa = PBXBuildFile; fileRef = AA13C598283B6169007B83D2 /* ImagesRepository.swift */; };
		AA13C59B283B6231007B83D2 /* DefaultImagesRepository.swift in Sources */ = {isa = PBXBuildFile; fileRef = AA13C59A283B6231007B83D2 /* DefaultImagesRepository.swift */; };
		AA204B9D282024840076576C /* AsyncOperation.swift in Sources */ = {isa = PBXBuildFile; fileRef = AA204B9C282024840076576C /* AsyncOperation.swift */; };
		AA477A3027CD70B10044CDE7 /* CustomLayout.swift in Sources */ = {isa = PBXBuildFile; fileRef = AA477A2F27CD70B10044CDE7 /* CustomLayout.swift */; };
		AA54D85E2826884900F980C1 /* ConnectionErrorView.swift in Sources */ = {isa = PBXBuildFile; fileRef = AA54D85D2826884900F980C1 /* ConnectionErrorView.swift */; };
		AA54D861282689A600F980C1 /* ConnectionErrorViewLayout.swift in Sources */ = {isa = PBXBuildFile; fileRef = AA54D860282689A600F980C1 /* ConnectionErrorViewLayout.swift */; };
		AA54D86328268B6900F980C1 /* ConnectionErrorViewStyles.swift in Sources */ = {isa = PBXBuildFile; fileRef = AA54D86228268B6900F980C1 /* ConnectionErrorViewStyles.swift */; };
		AA5B16B7281449F900B12EEC /* SnapKit in Frameworks */ = {isa = PBXBuildFile; productRef = AA5B16B6281449F900B12EEC /* SnapKit */; };
		AA681D8F2839557200E4A753 /* RouteComposer in Frameworks */ = {isa = PBXBuildFile; productRef = AA681D8E2839557200E4A753 /* RouteComposer */; };
		AA7C84DB281D4DE5001BEA59 /* ProductsListViewControllerStyles.swift in Sources */ = {isa = PBXBuildFile; fileRef = AA7C84DA281D4DE5001BEA59 /* ProductsListViewControllerStyles.swift */; };
		AA8C542D27D26D8200B36D97 /* ProductCell.swift in Sources */ = {isa = PBXBuildFile; fileRef = AA8C542C27D26D8200B36D97 /* ProductCell.swift */; };
		AA8C542F27D26E1500B36D97 /* Product.swift in Sources */ = {isa = PBXBuildFile; fileRef = AA8C542E27D26E1500B36D97 /* Product.swift */; };
		AA9F7AA2280D7DFF0073DCA9 /* ImageViewShadowed.swift in Sources */ = {isa = PBXBuildFile; fileRef = AA9F7AA1280D7DFF0073DCA9 /* ImageViewShadowed.swift */; };
		AA9F7AA4280DE3C00073DCA9 /* CGRect+Utils.swift in Sources */ = {isa = PBXBuildFile; fileRef = AA9F7AA3280DE3C00073DCA9 /* CGRect+Utils.swift */; };
		AAA6C3DD2801783C0046F477 /* UIImage+Crop.swift in Sources */ = {isa = PBXBuildFile; fileRef = AAA6C3DC2801783C0046F477 /* UIImage+Crop.swift */; };
		AAA7E116283A285700865350 /* DefaultProductsRepository.swift in Sources */ = {isa = PBXBuildFile; fileRef = AAA7E115283A285700865350 /* DefaultProductsRepository.swift */; };
		AAA7E11C283A2DB100865350 /* ProductsRepository.swift in Sources */ = {isa = PBXBuildFile; fileRef = AAA7E11B283A2DB100865350 /* ProductsRepository.swift */; };
		AAA7E120283ABFB900865350 /* ListProductsUseCase.swift in Sources */ = {isa = PBXBuildFile; fileRef = AAA7E11F283ABFB900865350 /* ListProductsUseCase.swift */; };
		AAAE49E627F1009300F3FBD1 /* ProductCellViewModel.swift in Sources */ = {isa = PBXBuildFile; fileRef = AAAE49E527F1009300F3FBD1 /* ProductCellViewModel.swift */; };
		AAAE49E827F100B700F3FBD1 /* Observable.swift in Sources */ = {isa = PBXBuildFile; fileRef = AAAE49E727F100B700F3FBD1 /* Observable.swift */; };
		AAD1EE0C282256DF00D87C3E /* AsyncImageView.swift in Sources */ = {isa = PBXBuildFile; fileRef = AAD1EE0B282256DF00D87C3E /* AsyncImageView.swift */; };
		AADA1DDA280FFE1300294D45 /* ProductDetailsViewController+NavigationDelegate.swift in Sources */ = {isa = PBXBuildFile; fileRef = AADA1DD9280FFE1300294D45 /* ProductDetailsViewController+NavigationDelegate.swift */; };
		AADC300628041976004488E1 /* PriceTag.swift in Sources */ = {isa = PBXBuildFile; fileRef = AADC300528041976004488E1 /* PriceTag.swift */; };
		AADC300C28041A8D004488E1 /* ProductDetailsFullScreenImageViewModel.swift in Sources */ = {isa = PBXBuildFile; fileRef = AADC300B28041A8D004488E1 /* ProductDetailsFullScreenImageViewModel.swift */; };
		AADC300E28041D78004488E1 /* PriceTagViewModel.swift in Sources */ = {isa = PBXBuildFile; fileRef = AADC300D28041D78004488E1 /* PriceTagViewModel.swift */; };
		AADC301028042015004488E1 /* PriceTagStyles.swift in Sources */ = {isa = PBXBuildFile; fileRef = AADC300F28042015004488E1 /* PriceTagStyles.swift */; };
		AADC30122804201F004488E1 /* PriceTagLayout.swift in Sources */ = {isa = PBXBuildFile; fileRef = AADC30112804201F004488E1 /* PriceTagLayout.swift */; };
		AADC301428042ABC004488E1 /* ImageData.swift in Sources */ = {isa = PBXBuildFile; fileRef = AADC301328042ABC004488E1 /* ImageData.swift */; };
		AADC301628043728004488E1 /* Basket.swift in Sources */ = {isa = PBXBuildFile; fileRef = AADC301528043728004488E1 /* Basket.swift */; };
		AADDDD9127C4505600E893E1 /* AppDelegate.swift in Sources */ = {isa = PBXBuildFile; fileRef = AADDDD9027C4505600E893E1 /* AppDelegate.swift */; };
		AADDDD9327C4505600E893E1 /* SceneDelegate.swift in Sources */ = {isa = PBXBuildFile; fileRef = AADDDD9227C4505600E893E1 /* SceneDelegate.swift */; };
		AADDDD9527C4505600E893E1 /* ProductsListViewController.swift in Sources */ = {isa = PBXBuildFile; fileRef = AADDDD9427C4505600E893E1 /* ProductsListViewController.swift */; };
		AADDDD9B27C4505600E893E1 /* FashionApp.xcdatamodeld in Sources */ = {isa = PBXBuildFile; fileRef = AADDDD9927C4505600E893E1 /* FashionApp.xcdatamodeld */; };
		AADDDD9D27C4505700E893E1 /* Assets.xcassets in Resources */ = {isa = PBXBuildFile; fileRef = AADDDD9C27C4505700E893E1 /* Assets.xcassets */; };
		AADDDDA027C4505700E893E1 /* LaunchScreen.storyboard in Resources */ = {isa = PBXBuildFile; fileRef = AADDDD9E27C4505700E893E1 /* LaunchScreen.storyboard */; };
		AADDDDAB27C4505700E893E1 /* FashionAppTests.swift in Sources */ = {isa = PBXBuildFile; fileRef = AADDDDAA27C4505700E893E1 /* FashionAppTests.swift */; };
		AADDDDB527C4505700E893E1 /* FashionAppUITests.swift in Sources */ = {isa = PBXBuildFile; fileRef = AADDDDB427C4505700E893E1 /* FashionAppUITests.swift */; };
		AADDDDB727C4505700E893E1 /* FashionAppUITestsLaunchTests.swift in Sources */ = {isa = PBXBuildFile; fileRef = AADDDDB627C4505700E893E1 /* FashionAppUITestsLaunchTests.swift */; };
		AAE3E20027FCA7AD001C7F4F /* UIView+Constraints.swift in Sources */ = {isa = PBXBuildFile; fileRef = AAE3E1FF27FCA7AD001C7F4F /* UIView+Constraints.swift */; };
		AAEEA4C82825356700FCB837 /* CGFloat+Pixels.swift in Sources */ = {isa = PBXBuildFile; fileRef = AAEEA4C72825356700FCB837 /* CGFloat+Pixels.swift */; };
		AAEF55B228379E4200AA982E /* Alamofire in Frameworks */ = {isa = PBXBuildFile; productRef = AAEF55B128379E4200AA982E /* Alamofire */; };
		AAEF55B42837A0BC00AA982E /* NetworkManager.swift in Sources */ = {isa = PBXBuildFile; fileRef = AAEF55B32837A0BC00AA982E /* NetworkManager.swift */; };
		AAEF55B62837C15D00AA982E /* AsyncImageViewAligned.swift in Sources */ = {isa = PBXBuildFile; fileRef = AAEF55B52837C15D00AA982E /* AsyncImageViewAligned.swift */; };
		AAEF55B82837C1D200AA982E /* UIImageViewAligned+Settable.swift in Sources */ = {isa = PBXBuildFile; fileRef = AAEF55B72837C1D200AA982E /* UIImageViewAligned+Settable.swift */; };
		AAEF55BA2837C25600AA982E /* ProductCellWithViewModel.swift in Sources */ = {isa = PBXBuildFile; fileRef = AAEF55B92837C25600AA982E /* ProductCellWithViewModel.swift */; };
		AAEF55BD2837D83700AA982E /* AsyncImageViewModel.swift in Sources */ = {isa = PBXBuildFile; fileRef = AAEF55BC2837D83700AA982E /* AsyncImageViewModel.swift */; };
		AAEF55BF2837E1E500AA982E /* ImageSettable.swift in Sources */ = {isa = PBXBuildFile; fileRef = AAEF55BE2837E1E500AA982E /* ImageSettable.swift */; };
		AAEF55C12837E20C00AA982E /* LoadImageFunction.swift in Sources */ = {isa = PBXBuildFile; fileRef = AAEF55C02837E20C00AA982E /* LoadImageFunction.swift */; };
		AAF38CC327DF63FD00211DFC /* ShapedView.swift in Sources */ = {isa = PBXBuildFile; fileRef = AAF38CC227DF63FD00211DFC /* ShapedView.swift */; };
		AAF38CC527DF755400211DFC /* ShadowView.swift in Sources */ = {isa = PBXBuildFile; fileRef = AAF38CC427DF755400211DFC /* ShadowView.swift */; };
		AAF4DA9827FED0F100118264 /* UIImageViewAlignedSwift in Frameworks */ = {isa = PBXBuildFile; productRef = AAF4DA9727FED0F100118264 /* UIImageViewAlignedSwift */; };
		AAF4DA9B27FF6CB700118264 /* ProductDetailsFullScreenImage.swift in Sources */ = {isa = PBXBuildFile; fileRef = AAF4DA9A27FF6CB700118264 /* ProductDetailsFullScreenImage.swift */; };
		AAF4DA9D27FF6CED00118264 /* ProductDetailsFullScreenImageStyles.swift in Sources */ = {isa = PBXBuildFile; fileRef = AAF4DA9C27FF6CED00118264 /* ProductDetailsFullScreenImageStyles.swift */; };
		AAF4DA9F27FF6DFF00118264 /* ProductDetailsFullScreenImageLayout.swift in Sources */ = {isa = PBXBuildFile; fileRef = AAF4DA9E27FF6DFF00118264 /* ProductDetailsFullScreenImageLayout.swift */; };
		AAFEEF27280EB203006E63E7 /* ProductDetailsViewController+FullScreenImageTransition.swift in Sources */ = {isa = PBXBuildFile; fileRef = AAFEEF26280EB203006E63E7 /* ProductDetailsViewController+FullScreenImageTransition.swift */; };
		AAFEEF29280EDE1D006E63E7 /* UIView+Animation.swift in Sources */ = {isa = PBXBuildFile; fileRef = AAFEEF28280EDE1D006E63E7 /* UIView+Animation.swift */; };
		AAFEEF2B280F3291006E63E7 /* CustomIntensityVisualEffect.swift in Sources */ = {isa = PBXBuildFile; fileRef = AAFEEF2A280F3291006E63E7 /* CustomIntensityVisualEffect.swift */; };
/* End PBXBuildFile section */

/* Begin PBXContainerItemProxy section */
		AADDDDA727C4505700E893E1 /* PBXContainerItemProxy */ = {
			isa = PBXContainerItemProxy;
			containerPortal = AADDDD8527C4505600E893E1 /* Project object */;
			proxyType = 1;
			remoteGlobalIDString = AADDDD8C27C4505600E893E1;
			remoteInfo = FashionApp;
		};
		AADDDDB127C4505700E893E1 /* PBXContainerItemProxy */ = {
			isa = PBXContainerItemProxy;
			containerPortal = AADDDD8527C4505600E893E1 /* Project object */;
			proxyType = 1;
			remoteGlobalIDString = AADDDD8C27C4505600E893E1;
			remoteInfo = FashionApp;
		};
/* End PBXContainerItemProxy section */

/* Begin PBXFileReference section */
		AA053F8427F1860D004DE5B2 /* ProductsListViewModel.swift */ = {isa = PBXFileReference; lastKnownFileType = sourcecode.swift; path = ProductsListViewModel.swift; sourceTree = "<group>"; };
		AA053F8727F18EA6004DE5B2 /* ProductViewModel.swift */ = {isa = PBXFileReference; lastKnownFileType = sourcecode.swift; path = ProductViewModel.swift; sourceTree = "<group>"; };
		AA053F8927F19525004DE5B2 /* ProductDetailsViewControllerStyles.swift */ = {isa = PBXFileReference; lastKnownFileType = sourcecode.swift; path = ProductDetailsViewControllerStyles.swift; sourceTree = "<group>"; };
		AA053F8B27F195A5004DE5B2 /* ProductDetailsViewControllerLayout.swift */ = {isa = PBXFileReference; lastKnownFileType = sourcecode.swift; path = ProductDetailsViewControllerLayout.swift; sourceTree = "<group>"; };
		AA053F8D27F1A964004DE5B2 /* ProductCellStyles.swift */ = {isa = PBXFileReference; lastKnownFileType = sourcecode.swift; path = ProductCellStyles.swift; sourceTree = "<group>"; };
		AA053F8F27F1AACA004DE5B2 /* ProductCellLayout.swift */ = {isa = PBXFileReference; lastKnownFileType = sourcecode.swift; path = ProductCellLayout.swift; sourceTree = "<group>"; };
		AA053F9127F1B29A004DE5B2 /* ProductCellRoundedStyles.swift */ = {isa = PBXFileReference; lastKnownFileType = sourcecode.swift; path = ProductCellRoundedStyles.swift; sourceTree = "<group>"; };
		AA053F9327F1D69E004DE5B2 /* ProductListViewControllerLayout.swift */ = {isa = PBXFileReference; lastKnownFileType = sourcecode.swift; path = ProductListViewControllerLayout.swift; sourceTree = "<group>"; };
		AA06BCC627E22603003CFF77 /* ProductCellRounded.swift */ = {isa = PBXFileReference; lastKnownFileType = sourcecode.swift; path = ProductCellRounded.swift; sourceTree = "<group>"; };
		AA06BCCA27E22F5C003CFF77 /* ProductDetailsViewController.swift */ = {isa = PBXFileReference; lastKnownFileType = sourcecode.swift; path = ProductDetailsViewController.swift; sourceTree = "<group>"; };
		AA06BCCD27E24E12003CFF77 /* RedHatDisplay-Medium.ttf */ = {isa = PBXFileReference; lastKnownFileType = file; path = "RedHatDisplay-Medium.ttf"; sourceTree = "<group>"; };
		AA06BCCE27E24E12003CFF77 /* RedHatDisplay-BoldItalic.ttf */ = {isa = PBXFileReference; lastKnownFileType = file; path = "RedHatDisplay-BoldItalic.ttf"; sourceTree = "<group>"; };
		AA06BCCF27E24E12003CFF77 /* RedHatDisplay-SemiBoldItalic.ttf */ = {isa = PBXFileReference; lastKnownFileType = file; path = "RedHatDisplay-SemiBoldItalic.ttf"; sourceTree = "<group>"; };
		AA06BCD027E24E12003CFF77 /* RedHatDisplay-ExtraBold.ttf */ = {isa = PBXFileReference; lastKnownFileType = file; path = "RedHatDisplay-ExtraBold.ttf"; sourceTree = "<group>"; };
		AA06BCD127E24E12003CFF77 /* RedHatDisplay-Black.ttf */ = {isa = PBXFileReference; lastKnownFileType = file; path = "RedHatDisplay-Black.ttf"; sourceTree = "<group>"; };
		AA06BCD227E24E12003CFF77 /* RedHatDisplay-Bold.ttf */ = {isa = PBXFileReference; lastKnownFileType = file; path = "RedHatDisplay-Bold.ttf"; sourceTree = "<group>"; };
		AA06BCD327E24E12003CFF77 /* RedHatDisplay-Regular.ttf */ = {isa = PBXFileReference; lastKnownFileType = file; path = "RedHatDisplay-Regular.ttf"; sourceTree = "<group>"; };
		AA06BCD427E24E13003CFF77 /* RedHatDisplay-Light.ttf */ = {isa = PBXFileReference; lastKnownFileType = file; path = "RedHatDisplay-Light.ttf"; sourceTree = "<group>"; };
		AA06BCD527E24E13003CFF77 /* RedHatDisplay-LightItalic.ttf */ = {isa = PBXFileReference; lastKnownFileType = file; path = "RedHatDisplay-LightItalic.ttf"; sourceTree = "<group>"; };
		AA06BCD627E24E13003CFF77 /* RedHatDisplay-ExtraBoldItalic.ttf */ = {isa = PBXFileReference; lastKnownFileType = file; path = "RedHatDisplay-ExtraBoldItalic.ttf"; sourceTree = "<group>"; };
		AA06BCD727E24E13003CFF77 /* RedHatDisplay-BlackItalic.ttf */ = {isa = PBXFileReference; lastKnownFileType = file; path = "RedHatDisplay-BlackItalic.ttf"; sourceTree = "<group>"; };
		AA06BCD827E24E13003CFF77 /* RedHatDisplay-Italic.ttf */ = {isa = PBXFileReference; lastKnownFileType = file; path = "RedHatDisplay-Italic.ttf"; sourceTree = "<group>"; };
		AA06BCD927E24E13003CFF77 /* RedHatDisplay-SemiBold.ttf */ = {isa = PBXFileReference; lastKnownFileType = file; path = "RedHatDisplay-SemiBold.ttf"; sourceTree = "<group>"; };
		AA06BCDA27E24E13003CFF77 /* RedHatDisplay-MediumItalic.ttf */ = {isa = PBXFileReference; lastKnownFileType = file; path = "RedHatDisplay-MediumItalic.ttf"; sourceTree = "<group>"; };
		AA06BCEA27E2555C003CFF77 /* Fonts.swift */ = {isa = PBXFileReference; lastKnownFileType = sourcecode.swift; path = Fonts.swift; sourceTree = "<group>"; };
		AA0A520727EB3C30009B3BF2 /* UIFont+Preferred.swift */ = {isa = PBXFileReference; lastKnownFileType = sourcecode.swift; path = "UIFont+Preferred.swift"; sourceTree = "<group>"; };
		AA0A520927EB3C7A009B3BF2 /* CGFloat+Radians.swift */ = {isa = PBXFileReference; lastKnownFileType = sourcecode.swift; path = "CGFloat+Radians.swift"; sourceTree = "<group>"; };
		AA0A520B27EB3CA6009B3BF2 /* NSDirectionalEdgeInsets+Init.swift */ = {isa = PBXFileReference; lastKnownFileType = sourcecode.swift; path = "NSDirectionalEdgeInsets+Init.swift"; sourceTree = "<group>"; };
		AA13C598283B6169007B83D2 /* ImagesRepository.swift */ = {isa = PBXFileReference; lastKnownFileType = sourcecode.swift; path = ImagesRepository.swift; sourceTree = "<group>"; };
		AA13C59A283B6231007B83D2 /* DefaultImagesRepository.swift */ = {isa = PBXFileReference; lastKnownFileType = sourcecode.swift; path = DefaultImagesRepository.swift; sourceTree = "<group>"; };
		AA204B9C282024840076576C /* AsyncOperation.swift */ = {isa = PBXFileReference; lastKnownFileType = sourcecode.swift; path = AsyncOperation.swift; sourceTree = "<group>"; };
		AA477A2F27CD70B10044CDE7 /* CustomLayout.swift */ = {isa = PBXFileReference; lastKnownFileType = sourcecode.swift; path = CustomLayout.swift; sourceTree = "<group>"; };
		AA54D85D2826884900F980C1 /* ConnectionErrorView.swift */ = {isa = PBXFileReference; lastKnownFileType = sourcecode.swift; path = ConnectionErrorView.swift; sourceTree = "<group>"; };
		AA54D860282689A600F980C1 /* ConnectionErrorViewLayout.swift */ = {isa = PBXFileReference; lastKnownFileType = sourcecode.swift; path = ConnectionErrorViewLayout.swift; sourceTree = "<group>"; };
		AA54D86228268B6900F980C1 /* ConnectionErrorViewStyles.swift */ = {isa = PBXFileReference; lastKnownFileType = sourcecode.swift; path = ConnectionErrorViewStyles.swift; sourceTree = "<group>"; };
		AA7C84DA281D4DE5001BEA59 /* ProductsListViewControllerStyles.swift */ = {isa = PBXFileReference; lastKnownFileType = sourcecode.swift; path = ProductsListViewControllerStyles.swift; sourceTree = "<group>"; };
		AA8C542C27D26D8200B36D97 /* ProductCell.swift */ = {isa = PBXFileReference; lastKnownFileType = sourcecode.swift; path = ProductCell.swift; sourceTree = "<group>"; };
		AA8C542E27D26E1500B36D97 /* Product.swift */ = {isa = PBXFileReference; lastKnownFileType = sourcecode.swift; path = Product.swift; sourceTree = "<group>"; };
		AA9F7AA1280D7DFF0073DCA9 /* ImageViewShadowed.swift */ = {isa = PBXFileReference; lastKnownFileType = sourcecode.swift; path = ImageViewShadowed.swift; sourceTree = "<group>"; };
		AA9F7AA3280DE3C00073DCA9 /* CGRect+Utils.swift */ = {isa = PBXFileReference; lastKnownFileType = sourcecode.swift; path = "CGRect+Utils.swift"; sourceTree = "<group>"; };
		AAA6C3DC2801783C0046F477 /* UIImage+Crop.swift */ = {isa = PBXFileReference; lastKnownFileType = sourcecode.swift; path = "UIImage+Crop.swift"; sourceTree = "<group>"; };
		AAA7E115283A285700865350 /* DefaultProductsRepository.swift */ = {isa = PBXFileReference; lastKnownFileType = sourcecode.swift; path = DefaultProductsRepository.swift; sourceTree = "<group>"; };
		AAA7E11B283A2DB100865350 /* ProductsRepository.swift */ = {isa = PBXFileReference; lastKnownFileType = sourcecode.swift; path = ProductsRepository.swift; sourceTree = "<group>"; };
		AAA7E11F283ABFB900865350 /* ListProductsUseCase.swift */ = {isa = PBXFileReference; lastKnownFileType = sourcecode.swift; path = ListProductsUseCase.swift; sourceTree = "<group>"; };
		AAAE49E527F1009300F3FBD1 /* ProductCellViewModel.swift */ = {isa = PBXFileReference; lastKnownFileType = sourcecode.swift; path = ProductCellViewModel.swift; sourceTree = "<group>"; };
		AAAE49E727F100B700F3FBD1 /* Observable.swift */ = {isa = PBXFileReference; lastKnownFileType = sourcecode.swift; path = Observable.swift; sourceTree = "<group>"; };
		AAD1EE0B282256DF00D87C3E /* AsyncImageView.swift */ = {isa = PBXFileReference; lastKnownFileType = sourcecode.swift; path = AsyncImageView.swift; sourceTree = "<group>"; };
		AADA1DD9280FFE1300294D45 /* ProductDetailsViewController+NavigationDelegate.swift */ = {isa = PBXFileReference; lastKnownFileType = sourcecode.swift; path = "ProductDetailsViewController+NavigationDelegate.swift"; sourceTree = "<group>"; };
		AADC300528041976004488E1 /* PriceTag.swift */ = {isa = PBXFileReference; lastKnownFileType = sourcecode.swift; path = PriceTag.swift; sourceTree = "<group>"; };
		AADC300B28041A8D004488E1 /* ProductDetailsFullScreenImageViewModel.swift */ = {isa = PBXFileReference; lastKnownFileType = sourcecode.swift; path = ProductDetailsFullScreenImageViewModel.swift; sourceTree = "<group>"; };
		AADC300D28041D78004488E1 /* PriceTagViewModel.swift */ = {isa = PBXFileReference; lastKnownFileType = sourcecode.swift; path = PriceTagViewModel.swift; sourceTree = "<group>"; };
		AADC300F28042015004488E1 /* PriceTagStyles.swift */ = {isa = PBXFileReference; lastKnownFileType = sourcecode.swift; path = PriceTagStyles.swift; sourceTree = "<group>"; };
		AADC30112804201F004488E1 /* PriceTagLayout.swift */ = {isa = PBXFileReference; lastKnownFileType = sourcecode.swift; path = PriceTagLayout.swift; sourceTree = "<group>"; };
		AADC301328042ABC004488E1 /* ImageData.swift */ = {isa = PBXFileReference; lastKnownFileType = sourcecode.swift; path = ImageData.swift; sourceTree = "<group>"; };
		AADC301528043728004488E1 /* Basket.swift */ = {isa = PBXFileReference; lastKnownFileType = sourcecode.swift; path = Basket.swift; sourceTree = "<group>"; };
		AADDDD8D27C4505600E893E1 /* FashionApp.app */ = {isa = PBXFileReference; explicitFileType = wrapper.application; includeInIndex = 0; path = FashionApp.app; sourceTree = BUILT_PRODUCTS_DIR; };
		AADDDD9027C4505600E893E1 /* AppDelegate.swift */ = {isa = PBXFileReference; lastKnownFileType = sourcecode.swift; path = AppDelegate.swift; sourceTree = "<group>"; };
		AADDDD9227C4505600E893E1 /* SceneDelegate.swift */ = {isa = PBXFileReference; lastKnownFileType = sourcecode.swift; path = SceneDelegate.swift; sourceTree = "<group>"; };
		AADDDD9427C4505600E893E1 /* ProductsListViewController.swift */ = {isa = PBXFileReference; lastKnownFileType = sourcecode.swift; path = ProductsListViewController.swift; sourceTree = "<group>"; };
		AADDDD9A27C4505600E893E1 /* FashionApp.xcdatamodel */ = {isa = PBXFileReference; lastKnownFileType = wrapper.xcdatamodel; path = FashionApp.xcdatamodel; sourceTree = "<group>"; };
		AADDDD9C27C4505700E893E1 /* Assets.xcassets */ = {isa = PBXFileReference; lastKnownFileType = folder.assetcatalog; path = Assets.xcassets; sourceTree = "<group>"; };
		AADDDD9F27C4505700E893E1 /* Base */ = {isa = PBXFileReference; lastKnownFileType = file.storyboard; name = Base; path = Base.lproj/LaunchScreen.storyboard; sourceTree = "<group>"; };
		AADDDDA127C4505700E893E1 /* Info.plist */ = {isa = PBXFileReference; lastKnownFileType = text.plist.xml; path = Info.plist; sourceTree = "<group>"; };
		AADDDDA627C4505700E893E1 /* FashionAppTests.xctest */ = {isa = PBXFileReference; explicitFileType = wrapper.cfbundle; includeInIndex = 0; path = FashionAppTests.xctest; sourceTree = BUILT_PRODUCTS_DIR; };
		AADDDDAA27C4505700E893E1 /* FashionAppTests.swift */ = {isa = PBXFileReference; lastKnownFileType = sourcecode.swift; path = FashionAppTests.swift; sourceTree = "<group>"; };
		AADDDDB027C4505700E893E1 /* FashionAppUITests.xctest */ = {isa = PBXFileReference; explicitFileType = wrapper.cfbundle; includeInIndex = 0; path = FashionAppUITests.xctest; sourceTree = BUILT_PRODUCTS_DIR; };
		AADDDDB427C4505700E893E1 /* FashionAppUITests.swift */ = {isa = PBXFileReference; lastKnownFileType = sourcecode.swift; path = FashionAppUITests.swift; sourceTree = "<group>"; };
		AADDDDB627C4505700E893E1 /* FashionAppUITestsLaunchTests.swift */ = {isa = PBXFileReference; lastKnownFileType = sourcecode.swift; path = FashionAppUITestsLaunchTests.swift; sourceTree = "<group>"; };
		AAE3E1FF27FCA7AD001C7F4F /* UIView+Constraints.swift */ = {isa = PBXFileReference; lastKnownFileType = sourcecode.swift; path = "UIView+Constraints.swift"; sourceTree = "<group>"; };
		AAEEA4C72825356700FCB837 /* CGFloat+Pixels.swift */ = {isa = PBXFileReference; lastKnownFileType = sourcecode.swift; path = "CGFloat+Pixels.swift"; sourceTree = "<group>"; };
		AAEF55B32837A0BC00AA982E /* NetworkManager.swift */ = {isa = PBXFileReference; lastKnownFileType = sourcecode.swift; path = NetworkManager.swift; sourceTree = "<group>"; };
		AAEF55B52837C15D00AA982E /* AsyncImageViewAligned.swift */ = {isa = PBXFileReference; lastKnownFileType = sourcecode.swift; path = AsyncImageViewAligned.swift; sourceTree = "<group>"; };
		AAEF55B72837C1D200AA982E /* UIImageViewAligned+Settable.swift */ = {isa = PBXFileReference; lastKnownFileType = sourcecode.swift; path = "UIImageViewAligned+Settable.swift"; sourceTree = "<group>"; };
		AAEF55B92837C25600AA982E /* ProductCellWithViewModel.swift */ = {isa = PBXFileReference; lastKnownFileType = sourcecode.swift; path = ProductCellWithViewModel.swift; sourceTree = "<group>"; };
		AAEF55BC2837D83700AA982E /* AsyncImageViewModel.swift */ = {isa = PBXFileReference; lastKnownFileType = sourcecode.swift; path = AsyncImageViewModel.swift; sourceTree = "<group>"; };
		AAEF55BE2837E1E500AA982E /* ImageSettable.swift */ = {isa = PBXFileReference; lastKnownFileType = sourcecode.swift; path = ImageSettable.swift; sourceTree = "<group>"; };
		AAEF55C02837E20C00AA982E /* LoadImageFunction.swift */ = {isa = PBXFileReference; lastKnownFileType = sourcecode.swift; path = LoadImageFunction.swift; sourceTree = "<group>"; };
		AAF38CC227DF63FD00211DFC /* ShapedView.swift */ = {isa = PBXFileReference; lastKnownFileType = sourcecode.swift; path = ShapedView.swift; sourceTree = "<group>"; };
		AAF38CC427DF755400211DFC /* ShadowView.swift */ = {isa = PBXFileReference; lastKnownFileType = sourcecode.swift; path = ShadowView.swift; sourceTree = "<group>"; };
		AAF4DA9A27FF6CB700118264 /* ProductDetailsFullScreenImage.swift */ = {isa = PBXFileReference; lastKnownFileType = sourcecode.swift; path = ProductDetailsFullScreenImage.swift; sourceTree = "<group>"; };
		AAF4DA9C27FF6CED00118264 /* ProductDetailsFullScreenImageStyles.swift */ = {isa = PBXFileReference; lastKnownFileType = sourcecode.swift; path = ProductDetailsFullScreenImageStyles.swift; sourceTree = "<group>"; };
		AAF4DA9E27FF6DFF00118264 /* ProductDetailsFullScreenImageLayout.swift */ = {isa = PBXFileReference; lastKnownFileType = sourcecode.swift; path = ProductDetailsFullScreenImageLayout.swift; sourceTree = "<group>"; };
		AAFEEF26280EB203006E63E7 /* ProductDetailsViewController+FullScreenImageTransition.swift */ = {isa = PBXFileReference; lastKnownFileType = sourcecode.swift; path = "ProductDetailsViewController+FullScreenImageTransition.swift"; sourceTree = "<group>"; };
		AAFEEF28280EDE1D006E63E7 /* UIView+Animation.swift */ = {isa = PBXFileReference; lastKnownFileType = sourcecode.swift; path = "UIView+Animation.swift"; sourceTree = "<group>"; };
		AAFEEF2A280F3291006E63E7 /* CustomIntensityVisualEffect.swift */ = {isa = PBXFileReference; lastKnownFileType = sourcecode.swift; path = CustomIntensityVisualEffect.swift; sourceTree = "<group>"; };
/* End PBXFileReference section */

/* Begin PBXFrameworksBuildPhase section */
		AADDDD8A27C4505600E893E1 /* Frameworks */ = {
			isa = PBXFrameworksBuildPhase;
			buildActionMask = 2147483647;
			files = (
				AA681D8F2839557200E4A753 /* RouteComposer in Frameworks */,
				AAEF55B228379E4200AA982E /* Alamofire in Frameworks */,
				AAF4DA9827FED0F100118264 /* UIImageViewAlignedSwift in Frameworks */,
				AA5B16B7281449F900B12EEC /* SnapKit in Frameworks */,
			);
			runOnlyForDeploymentPostprocessing = 0;
		};
		AADDDDA327C4505700E893E1 /* Frameworks */ = {
			isa = PBXFrameworksBuildPhase;
			buildActionMask = 2147483647;
			files = (
			);
			runOnlyForDeploymentPostprocessing = 0;
		};
		AADDDDAD27C4505700E893E1 /* Frameworks */ = {
			isa = PBXFrameworksBuildPhase;
			buildActionMask = 2147483647;
			files = (
			);
			runOnlyForDeploymentPostprocessing = 0;
		};
/* End PBXFrameworksBuildPhase section */

/* Begin PBXGroup section */
		AA053F8627F18870004DE5B2 /* ProductDetails */ = {
			isa = PBXGroup;
			children = (
				AA06BCCA27E22F5C003CFF77 /* ProductDetailsViewController.swift */,
				AA053F8927F19525004DE5B2 /* ProductDetailsViewControllerStyles.swift */,
				AA053F8B27F195A5004DE5B2 /* ProductDetailsViewControllerLayout.swift */,
				AADA1DD9280FFE1300294D45 /* ProductDetailsViewController+NavigationDelegate.swift */,
				AAFEEF26280EB203006E63E7 /* ProductDetailsViewController+FullScreenImageTransition.swift */,
			);
			path = ProductDetails;
			sourceTree = "<group>";
		};
		AA06BCCC27E24694003CFF77 /* fonts */ = {
			isa = PBXGroup;
			children = (
				AA06BCE927E24E20003CFF77 /* RedHatDisplay */,
			);
			path = fonts;
			sourceTree = "<group>";
		};
		AA06BCE927E24E20003CFF77 /* RedHatDisplay */ = {
			isa = PBXGroup;
			children = (
				AA06BCD127E24E12003CFF77 /* RedHatDisplay-Black.ttf */,
				AA06BCD727E24E13003CFF77 /* RedHatDisplay-BlackItalic.ttf */,
				AA06BCD227E24E12003CFF77 /* RedHatDisplay-Bold.ttf */,
				AA06BCCE27E24E12003CFF77 /* RedHatDisplay-BoldItalic.ttf */,
				AA06BCD027E24E12003CFF77 /* RedHatDisplay-ExtraBold.ttf */,
				AA06BCD627E24E13003CFF77 /* RedHatDisplay-ExtraBoldItalic.ttf */,
				AA06BCD827E24E13003CFF77 /* RedHatDisplay-Italic.ttf */,
				AA06BCD427E24E13003CFF77 /* RedHatDisplay-Light.ttf */,
				AA06BCD527E24E13003CFF77 /* RedHatDisplay-LightItalic.ttf */,
				AA06BCCD27E24E12003CFF77 /* RedHatDisplay-Medium.ttf */,
				AA06BCDA27E24E13003CFF77 /* RedHatDisplay-MediumItalic.ttf */,
				AA06BCD327E24E12003CFF77 /* RedHatDisplay-Regular.ttf */,
				AA06BCD927E24E13003CFF77 /* RedHatDisplay-SemiBold.ttf */,
				AA06BCCF27E24E12003CFF77 /* RedHatDisplay-SemiBoldItalic.ttf */,
			);
			path = RedHatDisplay;
			sourceTree = "<group>";
		};
		AA0A520627EB3C00009B3BF2 /* Extensions */ = {
			isa = PBXGroup;
			children = (
				AA0A520927EB3C7A009B3BF2 /* CGFloat+Radians.swift */,
				AA0A520B27EB3CA6009B3BF2 /* NSDirectionalEdgeInsets+Init.swift */,
				AA0A520727EB3C30009B3BF2 /* UIFont+Preferred.swift */,
				AAA6C3DC2801783C0046F477 /* UIImage+Crop.swift */,
				AAE3E1FF27FCA7AD001C7F4F /* UIView+Constraints.swift */,
				AAEF55B72837C1D200AA982E /* UIImageViewAligned+Settable.swift */,
				AA9F7AA3280DE3C00073DCA9 /* CGRect+Utils.swift */,
				AAFEEF28280EDE1D006E63E7 /* UIView+Animation.swift */,
				AAEEA4C72825356700FCB837 /* CGFloat+Pixels.swift */,
			);
			path = Extensions;
			sourceTree = "<group>";
		};
		AA0A521127EB49F9009B3BF2 /* CommonViews */ = {
			isa = PBXGroup;
			children = (
				AA477A2F27CD70B10044CDE7 /* CustomLayout.swift */,
				AAF38CC427DF755400211DFC /* ShadowView.swift */,
				AAF38CC227DF63FD00211DFC /* ShapedView.swift */,
				AA9F7AA1280D7DFF0073DCA9 /* ImageViewShadowed.swift */,
				AAFEEF2A280F3291006E63E7 /* CustomIntensityVisualEffect.swift */,
				AAEF55BB2837D80000AA982E /* AsyncImageView */,
				AAEF55B52837C15D00AA982E /* AsyncImageViewAligned.swift */,
				AA54D85F2826892900F980C1 /* ConnectionErrorView */,
			);
			path = CommonViews;
			sourceTree = "<group>";
		};
		AA0A521227EB4A27009B3BF2 /* ViewModel */ = {
			isa = PBXGroup;
			children = (
				AAAE49E527F1009300F3FBD1 /* ProductCellViewModel.swift */,
				AA053F8427F1860D004DE5B2 /* ProductsListViewModel.swift */,
				AADC300B28041A8D004488E1 /* ProductDetailsFullScreenImageViewModel.swift */,
				AADC300D28041D78004488E1 /* PriceTagViewModel.swift */,
				AA053F8727F18EA6004DE5B2 /* ProductViewModel.swift */,
			);
			path = ViewModel;
			sourceTree = "<group>";
		};
		AA0A521327EB5981009B3BF2 /* SupportFiles */ = {
			isa = PBXGroup;
			children = (
				AA06BCEA27E2555C003CFF77 /* Fonts.swift */,
				AADDDD9027C4505600E893E1 /* AppDelegate.swift */,
				AADDDD9227C4505600E893E1 /* SceneDelegate.swift */,
				AADDDD9E27C4505700E893E1 /* LaunchScreen.storyboard */,
				AADDDD9927C4505600E893E1 /* FashionApp.xcdatamodeld */,
				AADDDDA127C4505700E893E1 /* Info.plist */,
				AADDDD9C27C4505700E893E1 /* Assets.xcassets */,
				AA06BCCC27E24694003CFF77 /* fonts */,
				AAAE49E727F100B700F3FBD1 /* Observable.swift */,
			);
			path = SupportFiles;
			sourceTree = "<group>";
		};
		AA0A521427EB60E5009B3BF2 /* View */ = {
			isa = PBXGroup;
			children = (
				AAF4DA9927FF6C9300118264 /* ProductDetailsFullScreenImage */,
				AA053F8627F18870004DE5B2 /* ProductDetails */,
				AA0A521527EB60F2009B3BF2 /* ProductsList */,
			);
			path = View;
			sourceTree = "<group>";
		};
		AA0A521527EB60F2009B3BF2 /* ProductsList */ = {
			isa = PBXGroup;
			children = (
				AAEF55B92837C25600AA982E /* ProductCellWithViewModel.swift */,
				AA8C542C27D26D8200B36D97 /* ProductCell.swift */,
				AA053F8D27F1A964004DE5B2 /* ProductCellStyles.swift */,
				AA053F8F27F1AACA004DE5B2 /* ProductCellLayout.swift */,
				AA06BCC627E22603003CFF77 /* ProductCellRounded.swift */,
				AA053F9127F1B29A004DE5B2 /* ProductCellRoundedStyles.swift */,
				AADDDD9427C4505600E893E1 /* ProductsListViewController.swift */,
				AA7C84DA281D4DE5001BEA59 /* ProductsListViewControllerStyles.swift */,
				AA053F9327F1D69E004DE5B2 /* ProductListViewControllerLayout.swift */,
			);
			path = ProductsList;
			sourceTree = "<group>";
		};
		AA13C597283B5D51007B83D2 /* Presentation */ = {
			isa = PBXGroup;
			children = (
				AA0A521427EB60E5009B3BF2 /* View */,
				AA0A521227EB4A27009B3BF2 /* ViewModel */,
			);
			path = Presentation;
			sourceTree = "<group>";
		};
		AA204B9B282024730076576C /* Utils */ = {
			isa = PBXGroup;
			children = (
				AA204B9C282024840076576C /* AsyncOperation.swift */,
			);
			path = Utils;
			sourceTree = "<group>";
		};
		AA54D85F2826892900F980C1 /* ConnectionErrorView */ = {
			isa = PBXGroup;
			children = (
				AA54D85D2826884900F980C1 /* ConnectionErrorView.swift */,
				AA54D860282689A600F980C1 /* ConnectionErrorViewLayout.swift */,
				AA54D86228268B6900F980C1 /* ConnectionErrorViewStyles.swift */,
			);
			path = ConnectionErrorView;
			sourceTree = "<group>";
		};
		AA8C543027D26E1D00B36D97 /* Model */ = {
			isa = PBXGroup;
			children = (
				AADC301328042ABC004488E1 /* ImageData.swift */,
				AADC301528043728004488E1 /* Basket.swift */,
			);
			path = Model;
			sourceTree = "<group>";
		};
		AAA7E112283A26F400865350 /* Data */ = {
			isa = PBXGroup;
			children = (
				AAA7E114283A279F00865350 /* Repositories */,
				AAA7E113283A274F00865350 /* Network */,
			);
			path = Data;
			sourceTree = "<group>";
		};
		AAA7E113283A274F00865350 /* Network */ = {
			isa = PBXGroup;
			children = (
				AAEF55B32837A0BC00AA982E /* NetworkManager.swift */,
			);
			path = Network;
			sourceTree = "<group>";
		};
		AAA7E114283A279F00865350 /* Repositories */ = {
			isa = PBXGroup;
			children = (
				AAA7E115283A285700865350 /* DefaultProductsRepository.swift */,
				AA13C59A283B6231007B83D2 /* DefaultImagesRepository.swift */,
			);
			path = Repositories;
			sourceTree = "<group>";
		};
		AAA7E117283A2D5900865350 /* Domain */ = {
			isa = PBXGroup;
			children = (
				AAA7E11E283ABF9700865350 /* UseCases */,
				AAA7E118283A2D7100865350 /* Entities */,
				AAA7E119283A2D8200865350 /* Interfaces */,
			);
			path = Domain;
			sourceTree = "<group>";
		};
		AAA7E118283A2D7100865350 /* Entities */ = {
			isa = PBXGroup;
			children = (
				AA8C542E27D26E1500B36D97 /* Product.swift */,
			);
			path = Entities;
			sourceTree = "<group>";
		};
		AAA7E119283A2D8200865350 /* Interfaces */ = {
			isa = PBXGroup;
			children = (
				AAA7E11A283A2D9400865350 /* Repositories */,
			);
			path = Interfaces;
			sourceTree = "<group>";
		};
		AAA7E11A283A2D9400865350 /* Repositories */ = {
			isa = PBXGroup;
			children = (
				AAA7E11B283A2DB100865350 /* ProductsRepository.swift */,
				AA13C598283B6169007B83D2 /* ImagesRepository.swift */,
			);
			path = Repositories;
			sourceTree = "<group>";
		};
		AAA7E11E283ABF9700865350 /* UseCases */ = {
			isa = PBXGroup;
			children = (
				AAA7E11F283ABFB900865350 /* ListProductsUseCase.swift */,
			);
			path = UseCases;
			sourceTree = "<group>";
		};
		AADC300428041961004488E1 /* PriceTag */ = {
			isa = PBXGroup;
			children = (
				AADC300528041976004488E1 /* PriceTag.swift */,
				AADC300F28042015004488E1 /* PriceTagStyles.swift */,
				AADC30112804201F004488E1 /* PriceTagLayout.swift */,
			);
			path = PriceTag;
			sourceTree = "<group>";
		};
		AADDDD8427C4505600E893E1 = {
			isa = PBXGroup;
			children = (
				AADDDD8F27C4505600E893E1 /* FashionApp */,
				AADDDDA927C4505700E893E1 /* FashionAppTests */,
				AADDDDB327C4505700E893E1 /* FashionAppUITests */,
				AADDDD8E27C4505600E893E1 /* Products */,
			);
			sourceTree = "<group>";
		};
		AADDDD8E27C4505600E893E1 /* Products */ = {
			isa = PBXGroup;
			children = (
				AADDDD8D27C4505600E893E1 /* FashionApp.app */,
				AADDDDA627C4505700E893E1 /* FashionAppTests.xctest */,
				AADDDDB027C4505700E893E1 /* FashionAppUITests.xctest */,
			);
			name = Products;
			sourceTree = "<group>";
		};
		AADDDD8F27C4505600E893E1 /* FashionApp */ = {
			isa = PBXGroup;
			children = (
				AA13C597283B5D51007B83D2 /* Presentation */,
				AAA7E117283A2D5900865350 /* Domain */,
				AAA7E112283A26F400865350 /* Data */,
				AA8C543027D26E1D00B36D97 /* Model */,
				AA0A521127EB49F9009B3BF2 /* CommonViews */,
				AA0A521327EB5981009B3BF2 /* SupportFiles */,
				AA204B9B282024730076576C /* Utils */,
				AA0A520627EB3C00009B3BF2 /* Extensions */,
			);
			path = FashionApp;
			sourceTree = "<group>";
		};
		AADDDDA927C4505700E893E1 /* FashionAppTests */ = {
			isa = PBXGroup;
			children = (
				AADDDDAA27C4505700E893E1 /* FashionAppTests.swift */,
			);
			path = FashionAppTests;
			sourceTree = "<group>";
		};
		AADDDDB327C4505700E893E1 /* FashionAppUITests */ = {
			isa = PBXGroup;
			children = (
				AADDDDB427C4505700E893E1 /* FashionAppUITests.swift */,
				AADDDDB627C4505700E893E1 /* FashionAppUITestsLaunchTests.swift */,
			);
			path = FashionAppUITests;
			sourceTree = "<group>";
		};
		AAEF55BB2837D80000AA982E /* AsyncImageView */ = {
			isa = PBXGroup;
			children = (
				AAD1EE0B282256DF00D87C3E /* AsyncImageView.swift */,
				AAEF55BC2837D83700AA982E /* AsyncImageViewModel.swift */,
				AAEF55BE2837E1E500AA982E /* ImageSettable.swift */,
				AAEF55C02837E20C00AA982E /* LoadImageFunction.swift */,
			);
			path = AsyncImageView;
			sourceTree = "<group>";
		};
		AAF4DA9927FF6C9300118264 /* ProductDetailsFullScreenImage */ = {
			isa = PBXGroup;
			children = (
				AADC300428041961004488E1 /* PriceTag */,
				AAF4DA9A27FF6CB700118264 /* ProductDetailsFullScreenImage.swift */,
				AAF4DA9C27FF6CED00118264 /* ProductDetailsFullScreenImageStyles.swift */,
				AAF4DA9E27FF6DFF00118264 /* ProductDetailsFullScreenImageLayout.swift */,
			);
			path = ProductDetailsFullScreenImage;
			sourceTree = "<group>";
		};
/* End PBXGroup section */

/* Begin PBXNativeTarget section */
		AADDDD8C27C4505600E893E1 /* FashionApp */ = {
			isa = PBXNativeTarget;
			buildConfigurationList = AADDDDBA27C4505700E893E1 /* Build configuration list for PBXNativeTarget "FashionApp" */;
			buildPhases = (
				AADDDD8927C4505600E893E1 /* Sources */,
				AADDDD8A27C4505600E893E1 /* Frameworks */,
				AADDDD8B27C4505600E893E1 /* Resources */,
			);
			buildRules = (
			);
			dependencies = (
			);
			name = FashionApp;
			packageProductDependencies = (
				AAF4DA9727FED0F100118264 /* UIImageViewAlignedSwift */,
				AA5B16B6281449F900B12EEC /* SnapKit */,
				AAEF55B128379E4200AA982E /* Alamofire */,
				AA681D8E2839557200E4A753 /* RouteComposer */,
			);
			productName = FashionApp;
			productReference = AADDDD8D27C4505600E893E1 /* FashionApp.app */;
			productType = "com.apple.product-type.application";
		};
		AADDDDA527C4505700E893E1 /* FashionAppTests */ = {
			isa = PBXNativeTarget;
			buildConfigurationList = AADDDDBD27C4505700E893E1 /* Build configuration list for PBXNativeTarget "FashionAppTests" */;
			buildPhases = (
				AADDDDA227C4505700E893E1 /* Sources */,
				AADDDDA327C4505700E893E1 /* Frameworks */,
				AADDDDA427C4505700E893E1 /* Resources */,
			);
			buildRules = (
			);
			dependencies = (
				AADDDDA827C4505700E893E1 /* PBXTargetDependency */,
			);
			name = FashionAppTests;
			productName = FashionAppTests;
			productReference = AADDDDA627C4505700E893E1 /* FashionAppTests.xctest */;
			productType = "com.apple.product-type.bundle.unit-test";
		};
		AADDDDAF27C4505700E893E1 /* FashionAppUITests */ = {
			isa = PBXNativeTarget;
			buildConfigurationList = AADDDDC027C4505700E893E1 /* Build configuration list for PBXNativeTarget "FashionAppUITests" */;
			buildPhases = (
				AADDDDAC27C4505700E893E1 /* Sources */,
				AADDDDAD27C4505700E893E1 /* Frameworks */,
				AADDDDAE27C4505700E893E1 /* Resources */,
			);
			buildRules = (
			);
			dependencies = (
				AADDDDB227C4505700E893E1 /* PBXTargetDependency */,
			);
			name = FashionAppUITests;
			productName = FashionAppUITests;
			productReference = AADDDDB027C4505700E893E1 /* FashionAppUITests.xctest */;
			productType = "com.apple.product-type.bundle.ui-testing";
		};
/* End PBXNativeTarget section */

/* Begin PBXProject section */
		AADDDD8527C4505600E893E1 /* Project object */ = {
			isa = PBXProject;
			attributes = {
				BuildIndependentTargetsInParallel = 1;
				LastSwiftUpdateCheck = 1320;
				LastUpgradeCheck = 1320;
				TargetAttributes = {
					AADDDD8C27C4505600E893E1 = {
						CreatedOnToolsVersion = 13.2.1;
					};
					AADDDDA527C4505700E893E1 = {
						CreatedOnToolsVersion = 13.2.1;
						TestTargetID = AADDDD8C27C4505600E893E1;
					};
					AADDDDAF27C4505700E893E1 = {
						CreatedOnToolsVersion = 13.2.1;
						TestTargetID = AADDDD8C27C4505600E893E1;
					};
				};
			};
			buildConfigurationList = AADDDD8827C4505600E893E1 /* Build configuration list for PBXProject "FashionApp" */;
			compatibilityVersion = "Xcode 13.0";
			developmentRegion = en;
			hasScannedForEncodings = 0;
			knownRegions = (
				en,
				Base,
			);
			mainGroup = AADDDD8427C4505600E893E1;
			packageReferences = (
				AAF4DA9627FED0F100118264 /* XCRemoteSwiftPackageReference "UIImageViewAlignedSwift" */,
				AA5B16B5281449F900B12EEC /* XCRemoteSwiftPackageReference "SnapKit" */,
				AAEF55B028379E4200AA982E /* XCRemoteSwiftPackageReference "Alamofire" */,
				AA681D8D2839557200E4A753 /* XCRemoteSwiftPackageReference "route-composer" */,
			);
			productRefGroup = AADDDD8E27C4505600E893E1 /* Products */;
			projectDirPath = "";
			projectRoot = "";
			targets = (
				AADDDD8C27C4505600E893E1 /* FashionApp */,
				AADDDDA527C4505700E893E1 /* FashionAppTests */,
				AADDDDAF27C4505700E893E1 /* FashionAppUITests */,
			);
		};
/* End PBXProject section */

/* Begin PBXResourcesBuildPhase section */
		AADDDD8B27C4505600E893E1 /* Resources */ = {
			isa = PBXResourcesBuildPhase;
			buildActionMask = 2147483647;
			files = (
				AA06BCE727E24E13003CFF77 /* RedHatDisplay-SemiBold.ttf in Resources */,
				AA06BCDD27E24E13003CFF77 /* RedHatDisplay-SemiBoldItalic.ttf in Resources */,
				AA06BCDB27E24E13003CFF77 /* RedHatDisplay-Medium.ttf in Resources */,
				AA06BCE127E24E13003CFF77 /* RedHatDisplay-Regular.ttf in Resources */,
				AADDDDA027C4505700E893E1 /* LaunchScreen.storyboard in Resources */,
				AA06BCDF27E24E13003CFF77 /* RedHatDisplay-Black.ttf in Resources */,
				AA06BCDC27E24E13003CFF77 /* RedHatDisplay-BoldItalic.ttf in Resources */,
				AA06BCE327E24E13003CFF77 /* RedHatDisplay-LightItalic.ttf in Resources */,
				AADDDD9D27C4505700E893E1 /* Assets.xcassets in Resources */,
				AA06BCE227E24E13003CFF77 /* RedHatDisplay-Light.ttf in Resources */,
				AA06BCDE27E24E13003CFF77 /* RedHatDisplay-ExtraBold.ttf in Resources */,
				AA06BCE027E24E13003CFF77 /* RedHatDisplay-Bold.ttf in Resources */,
				AA06BCE627E24E13003CFF77 /* RedHatDisplay-Italic.ttf in Resources */,
				AA06BCE427E24E13003CFF77 /* RedHatDisplay-ExtraBoldItalic.ttf in Resources */,
				AA06BCE527E24E13003CFF77 /* RedHatDisplay-BlackItalic.ttf in Resources */,
				AA06BCE827E24E13003CFF77 /* RedHatDisplay-MediumItalic.ttf in Resources */,
			);
			runOnlyForDeploymentPostprocessing = 0;
		};
		AADDDDA427C4505700E893E1 /* Resources */ = {
			isa = PBXResourcesBuildPhase;
			buildActionMask = 2147483647;
			files = (
			);
			runOnlyForDeploymentPostprocessing = 0;
		};
		AADDDDAE27C4505700E893E1 /* Resources */ = {
			isa = PBXResourcesBuildPhase;
			buildActionMask = 2147483647;
			files = (
			);
			runOnlyForDeploymentPostprocessing = 0;
		};
/* End PBXResourcesBuildPhase section */

/* Begin PBXSourcesBuildPhase section */
		AADDDD8927C4505600E893E1 /* Sources */ = {
			isa = PBXSourcesBuildPhase;
			buildActionMask = 2147483647;
			files = (
				AA0A520A27EB3C7A009B3BF2 /* CGFloat+Radians.swift in Sources */,
				AA053F8E27F1A964004DE5B2 /* ProductCellStyles.swift in Sources */,
				AAF4DA9B27FF6CB700118264 /* ProductDetailsFullScreenImage.swift in Sources */,
				AA053F9427F1D69E004DE5B2 /* ProductListViewControllerLayout.swift in Sources */,
				AAEF55C12837E20C00AA982E /* LoadImageFunction.swift in Sources */,
				AAE3E20027FCA7AD001C7F4F /* UIView+Constraints.swift in Sources */,
				AA9F7AA2280D7DFF0073DCA9 /* ImageViewShadowed.swift in Sources */,
				AA13C59B283B6231007B83D2 /* DefaultImagesRepository.swift in Sources */,
				AAF4DA9D27FF6CED00118264 /* ProductDetailsFullScreenImageStyles.swift in Sources */,
				AADDDD9B27C4505600E893E1 /* FashionApp.xcdatamodeld in Sources */,
				AAA7E120283ABFB900865350 /* ListProductsUseCase.swift in Sources */,
				AA7C84DB281D4DE5001BEA59 /* ProductsListViewControllerStyles.swift in Sources */,
				AAEF55B62837C15D00AA982E /* AsyncImageViewAligned.swift in Sources */,
				AAAE49E627F1009300F3FBD1 /* ProductCellViewModel.swift in Sources */,
				AA0A520C27EB3CA6009B3BF2 /* NSDirectionalEdgeInsets+Init.swift in Sources */,
				AA477A3027CD70B10044CDE7 /* CustomLayout.swift in Sources */,
				AA54D86328268B6900F980C1 /* ConnectionErrorViewStyles.swift in Sources */,
				AA053F8C27F195A5004DE5B2 /* ProductDetailsViewControllerLayout.swift in Sources */,
				AAEF55BA2837C25600AA982E /* ProductCellWithViewModel.swift in Sources */,
				AA053F8A27F19525004DE5B2 /* ProductDetailsViewControllerStyles.swift in Sources */,
				AA053F9027F1AACA004DE5B2 /* ProductCellLayout.swift in Sources */,
				AA053F8827F18EA6004DE5B2 /* ProductViewModel.swift in Sources */,
				AAEF55B82837C1D200AA982E /* UIImageViewAligned+Settable.swift in Sources */,
				AA06BCEB27E2555C003CFF77 /* Fonts.swift in Sources */,
				AA053F9227F1B29A004DE5B2 /* ProductCellRoundedStyles.swift in Sources */,
				AADC300E28041D78004488E1 /* PriceTagViewModel.swift in Sources */,
				AAA7E116283A285700865350 /* DefaultProductsRepository.swift in Sources */,
				AADC301428042ABC004488E1 /* ImageData.swift in Sources */,
				AADDDD9527C4505600E893E1 /* ProductsListViewController.swift in Sources */,
				AAF38CC327DF63FD00211DFC /* ShapedView.swift in Sources */,
				AAF4DA9F27FF6DFF00118264 /* ProductDetailsFullScreenImageLayout.swift in Sources */,
				AAD1EE0C282256DF00D87C3E /* AsyncImageView.swift in Sources */,
				AA13C599283B6169007B83D2 /* ImagesRepository.swift in Sources */,
				AAEF55BF2837E1E500AA982E /* ImageSettable.swift in Sources */,
				AADC301028042015004488E1 /* PriceTagStyles.swift in Sources */,
				AAF38CC527DF755400211DFC /* ShadowView.swift in Sources */,
				AAFEEF27280EB203006E63E7 /* ProductDetailsViewController+FullScreenImageTransition.swift in Sources */,
				AADC30122804201F004488E1 /* PriceTagLayout.swift in Sources */,
				AADC300628041976004488E1 /* PriceTag.swift in Sources */,
				AAEEA4C82825356700FCB837 /* CGFloat+Pixels.swift in Sources */,
				AAEF55B42837A0BC00AA982E /* NetworkManager.swift in Sources */,
				AAFEEF29280EDE1D006E63E7 /* UIView+Animation.swift in Sources */,
				AA06BCCB27E22F5C003CFF77 /* ProductDetailsViewController.swift in Sources */,
				AA06BCC727E22603003CFF77 /* ProductCellRounded.swift in Sources */,
				AA8C542D27D26D8200B36D97 /* ProductCell.swift in Sources */,
				AA54D861282689A600F980C1 /* ConnectionErrorViewLayout.swift in Sources */,
				AA9F7AA4280DE3C00073DCA9 /* CGRect+Utils.swift in Sources */,
				AADC301628043728004488E1 /* Basket.swift in Sources */,
				AAA6C3DD2801783C0046F477 /* UIImage+Crop.swift in Sources */,
				AAAE49E827F100B700F3FBD1 /* Observable.swift in Sources */,
				AAFEEF2B280F3291006E63E7 /* CustomIntensityVisualEffect.swift in Sources */,
				AADA1DDA280FFE1300294D45 /* ProductDetailsViewController+NavigationDelegate.swift in Sources */,
				AADC300C28041A8D004488E1 /* ProductDetailsFullScreenImageViewModel.swift in Sources */,
				AADDDD9127C4505600E893E1 /* AppDelegate.swift in Sources */,
				AAEF55BD2837D83700AA982E /* AsyncImageViewModel.swift in Sources */,
				AAA7E11C283A2DB100865350 /* ProductsRepository.swift in Sources */,
				AA053F8527F1860D004DE5B2 /* ProductsListViewModel.swift in Sources */,
				AA0A520827EB3C30009B3BF2 /* UIFont+Preferred.swift in Sources */,
				AADDDD9327C4505600E893E1 /* SceneDelegate.swift in Sources */,
				AA204B9D282024840076576C /* AsyncOperation.swift in Sources */,
				AA54D85E2826884900F980C1 /* ConnectionErrorView.swift in Sources */,
				AA8C542F27D26E1500B36D97 /* Product.swift in Sources */,
			);
			runOnlyForDeploymentPostprocessing = 0;
		};
		AADDDDA227C4505700E893E1 /* Sources */ = {
			isa = PBXSourcesBuildPhase;
			buildActionMask = 2147483647;
			files = (
				AADDDDAB27C4505700E893E1 /* FashionAppTests.swift in Sources */,
			);
			runOnlyForDeploymentPostprocessing = 0;
		};
		AADDDDAC27C4505700E893E1 /* Sources */ = {
			isa = PBXSourcesBuildPhase;
			buildActionMask = 2147483647;
			files = (
				AADDDDB527C4505700E893E1 /* FashionAppUITests.swift in Sources */,
				AADDDDB727C4505700E893E1 /* FashionAppUITestsLaunchTests.swift in Sources */,
			);
			runOnlyForDeploymentPostprocessing = 0;
		};
/* End PBXSourcesBuildPhase section */

/* Begin PBXTargetDependency section */
		AADDDDA827C4505700E893E1 /* PBXTargetDependency */ = {
			isa = PBXTargetDependency;
			target = AADDDD8C27C4505600E893E1 /* FashionApp */;
			targetProxy = AADDDDA727C4505700E893E1 /* PBXContainerItemProxy */;
		};
		AADDDDB227C4505700E893E1 /* PBXTargetDependency */ = {
			isa = PBXTargetDependency;
			target = AADDDD8C27C4505600E893E1 /* FashionApp */;
			targetProxy = AADDDDB127C4505700E893E1 /* PBXContainerItemProxy */;
		};
/* End PBXTargetDependency section */

/* Begin PBXVariantGroup section */
		AADDDD9E27C4505700E893E1 /* LaunchScreen.storyboard */ = {
			isa = PBXVariantGroup;
			children = (
				AADDDD9F27C4505700E893E1 /* Base */,
			);
			name = LaunchScreen.storyboard;
			sourceTree = "<group>";
		};
/* End PBXVariantGroup section */

/* Begin XCBuildConfiguration section */
		AADDDDB827C4505700E893E1 /* Debug */ = {
			isa = XCBuildConfiguration;
			buildSettings = {
				ALWAYS_SEARCH_USER_PATHS = NO;
				CLANG_ANALYZER_NONNULL = YES;
				CLANG_ANALYZER_NUMBER_OBJECT_CONVERSION = YES_AGGRESSIVE;
				CLANG_CXX_LANGUAGE_STANDARD = "gnu++17";
				CLANG_CXX_LIBRARY = "libc++";
				CLANG_ENABLE_MODULES = YES;
				CLANG_ENABLE_OBJC_ARC = YES;
				CLANG_ENABLE_OBJC_WEAK = YES;
				CLANG_WARN_BLOCK_CAPTURE_AUTORELEASING = YES;
				CLANG_WARN_BOOL_CONVERSION = YES;
				CLANG_WARN_COMMA = YES;
				CLANG_WARN_CONSTANT_CONVERSION = YES;
				CLANG_WARN_DEPRECATED_OBJC_IMPLEMENTATIONS = YES;
				CLANG_WARN_DIRECT_OBJC_ISA_USAGE = YES_ERROR;
				CLANG_WARN_DOCUMENTATION_COMMENTS = YES;
				CLANG_WARN_EMPTY_BODY = YES;
				CLANG_WARN_ENUM_CONVERSION = YES;
				CLANG_WARN_INFINITE_RECURSION = YES;
				CLANG_WARN_INT_CONVERSION = YES;
				CLANG_WARN_NON_LITERAL_NULL_CONVERSION = YES;
				CLANG_WARN_OBJC_IMPLICIT_RETAIN_SELF = YES;
				CLANG_WARN_OBJC_LITERAL_CONVERSION = YES;
				CLANG_WARN_OBJC_ROOT_CLASS = YES_ERROR;
				CLANG_WARN_QUOTED_INCLUDE_IN_FRAMEWORK_HEADER = YES;
				CLANG_WARN_RANGE_LOOP_ANALYSIS = YES;
				CLANG_WARN_STRICT_PROTOTYPES = YES;
				CLANG_WARN_SUSPICIOUS_MOVE = YES;
				CLANG_WARN_UNGUARDED_AVAILABILITY = YES_AGGRESSIVE;
				CLANG_WARN_UNREACHABLE_CODE = YES;
				CLANG_WARN__DUPLICATE_METHOD_MATCH = YES;
				COPY_PHASE_STRIP = NO;
				DEBUG_INFORMATION_FORMAT = dwarf;
				ENABLE_STRICT_OBJC_MSGSEND = YES;
				ENABLE_TESTABILITY = YES;
				GCC_C_LANGUAGE_STANDARD = gnu11;
				GCC_DYNAMIC_NO_PIC = NO;
				GCC_NO_COMMON_BLOCKS = YES;
				GCC_OPTIMIZATION_LEVEL = 0;
				GCC_PREPROCESSOR_DEFINITIONS = (
					"DEBUG=1",
					"$(inherited)",
				);
				GCC_WARN_64_TO_32_BIT_CONVERSION = YES;
				GCC_WARN_ABOUT_RETURN_TYPE = YES_ERROR;
				GCC_WARN_UNDECLARED_SELECTOR = YES;
				GCC_WARN_UNINITIALIZED_AUTOS = YES_AGGRESSIVE;
				GCC_WARN_UNUSED_FUNCTION = YES;
				GCC_WARN_UNUSED_VARIABLE = YES;
				IPHONEOS_DEPLOYMENT_TARGET = 13.0;
				MTL_ENABLE_DEBUG_INFO = INCLUDE_SOURCE;
				MTL_FAST_MATH = YES;
				ONLY_ACTIVE_ARCH = YES;
				SDKROOT = iphoneos;
				SWIFT_ACTIVE_COMPILATION_CONDITIONS = DEBUG;
				SWIFT_OPTIMIZATION_LEVEL = "-Onone";
			};
			name = Debug;
		};
		AADDDDB927C4505700E893E1 /* Release */ = {
			isa = XCBuildConfiguration;
			buildSettings = {
				ALWAYS_SEARCH_USER_PATHS = NO;
				CLANG_ANALYZER_NONNULL = YES;
				CLANG_ANALYZER_NUMBER_OBJECT_CONVERSION = YES_AGGRESSIVE;
				CLANG_CXX_LANGUAGE_STANDARD = "gnu++17";
				CLANG_CXX_LIBRARY = "libc++";
				CLANG_ENABLE_MODULES = YES;
				CLANG_ENABLE_OBJC_ARC = YES;
				CLANG_ENABLE_OBJC_WEAK = YES;
				CLANG_WARN_BLOCK_CAPTURE_AUTORELEASING = YES;
				CLANG_WARN_BOOL_CONVERSION = YES;
				CLANG_WARN_COMMA = YES;
				CLANG_WARN_CONSTANT_CONVERSION = YES;
				CLANG_WARN_DEPRECATED_OBJC_IMPLEMENTATIONS = YES;
				CLANG_WARN_DIRECT_OBJC_ISA_USAGE = YES_ERROR;
				CLANG_WARN_DOCUMENTATION_COMMENTS = YES;
				CLANG_WARN_EMPTY_BODY = YES;
				CLANG_WARN_ENUM_CONVERSION = YES;
				CLANG_WARN_INFINITE_RECURSION = YES;
				CLANG_WARN_INT_CONVERSION = YES;
				CLANG_WARN_NON_LITERAL_NULL_CONVERSION = YES;
				CLANG_WARN_OBJC_IMPLICIT_RETAIN_SELF = YES;
				CLANG_WARN_OBJC_LITERAL_CONVERSION = YES;
				CLANG_WARN_OBJC_ROOT_CLASS = YES_ERROR;
				CLANG_WARN_QUOTED_INCLUDE_IN_FRAMEWORK_HEADER = YES;
				CLANG_WARN_RANGE_LOOP_ANALYSIS = YES;
				CLANG_WARN_STRICT_PROTOTYPES = YES;
				CLANG_WARN_SUSPICIOUS_MOVE = YES;
				CLANG_WARN_UNGUARDED_AVAILABILITY = YES_AGGRESSIVE;
				CLANG_WARN_UNREACHABLE_CODE = YES;
				CLANG_WARN__DUPLICATE_METHOD_MATCH = YES;
				COPY_PHASE_STRIP = NO;
				DEBUG_INFORMATION_FORMAT = "dwarf-with-dsym";
				ENABLE_NS_ASSERTIONS = NO;
				ENABLE_STRICT_OBJC_MSGSEND = YES;
				GCC_C_LANGUAGE_STANDARD = gnu11;
				GCC_NO_COMMON_BLOCKS = YES;
				GCC_WARN_64_TO_32_BIT_CONVERSION = YES;
				GCC_WARN_ABOUT_RETURN_TYPE = YES_ERROR;
				GCC_WARN_UNDECLARED_SELECTOR = YES;
				GCC_WARN_UNINITIALIZED_AUTOS = YES_AGGRESSIVE;
				GCC_WARN_UNUSED_FUNCTION = YES;
				GCC_WARN_UNUSED_VARIABLE = YES;
				IPHONEOS_DEPLOYMENT_TARGET = 13.0;
				MTL_ENABLE_DEBUG_INFO = NO;
				MTL_FAST_MATH = YES;
				SDKROOT = iphoneos;
				SWIFT_COMPILATION_MODE = wholemodule;
				SWIFT_OPTIMIZATION_LEVEL = "-O";
				VALIDATE_PRODUCT = YES;
			};
			name = Release;
		};
		AADDDDBB27C4505700E893E1 /* Debug */ = {
			isa = XCBuildConfiguration;
			buildSettings = {
				ASSETCATALOG_COMPILER_APPICON_NAME = AppIcon;
				ASSETCATALOG_COMPILER_GLOBAL_ACCENT_COLOR_NAME = AccentColor;
				CODE_SIGN_STYLE = Automatic;
				CURRENT_PROJECT_VERSION = 1;
				DEVELOPMENT_TEAM = 8JWF52JVK7;
				GENERATE_INFOPLIST_FILE = YES;
				INFOPLIST_FILE = FashionApp/SupportFiles/Info.plist;
				INFOPLIST_KEY_UIApplicationSupportsIndirectInputEvents = YES;
				INFOPLIST_KEY_UILaunchStoryboardName = LaunchScreen;
				INFOPLIST_KEY_UISupportedInterfaceOrientations_iPad = "UIInterfaceOrientationPortrait UIInterfaceOrientationPortraitUpsideDown UIInterfaceOrientationLandscapeLeft UIInterfaceOrientationLandscapeRight";
				INFOPLIST_KEY_UISupportedInterfaceOrientations_iPhone = "UIInterfaceOrientationPortrait UIInterfaceOrientationLandscapeLeft UIInterfaceOrientationLandscapeRight";
				LD_RUNPATH_SEARCH_PATHS = (
					"$(inherited)",
					"@executable_path/Frameworks",
				);
				MARKETING_VERSION = 1.0;
				PRODUCT_BUNDLE_IDENTIFIER = come.azatkaiumov.FashionApp;
				PRODUCT_NAME = "$(TARGET_NAME)";
				SWIFT_EMIT_LOC_STRINGS = YES;
				SWIFT_VERSION = 5.0;
				TARGETED_DEVICE_FAMILY = "1,2";
			};
			name = Debug;
		};
		AADDDDBC27C4505700E893E1 /* Release */ = {
			isa = XCBuildConfiguration;
			buildSettings = {
				ASSETCATALOG_COMPILER_APPICON_NAME = AppIcon;
				ASSETCATALOG_COMPILER_GLOBAL_ACCENT_COLOR_NAME = AccentColor;
				CODE_SIGN_STYLE = Automatic;
				CURRENT_PROJECT_VERSION = 1;
				DEVELOPMENT_TEAM = 8JWF52JVK7;
				GENERATE_INFOPLIST_FILE = YES;
				INFOPLIST_FILE = FashionApp/SupportFiles/Info.plist;
				INFOPLIST_KEY_UIApplicationSupportsIndirectInputEvents = YES;
				INFOPLIST_KEY_UILaunchStoryboardName = LaunchScreen;
				INFOPLIST_KEY_UISupportedInterfaceOrientations_iPad = "UIInterfaceOrientationPortrait UIInterfaceOrientationPortraitUpsideDown UIInterfaceOrientationLandscapeLeft UIInterfaceOrientationLandscapeRight";
				INFOPLIST_KEY_UISupportedInterfaceOrientations_iPhone = "UIInterfaceOrientationPortrait UIInterfaceOrientationLandscapeLeft UIInterfaceOrientationLandscapeRight";
				LD_RUNPATH_SEARCH_PATHS = (
					"$(inherited)",
					"@executable_path/Frameworks",
				);
				MARKETING_VERSION = 1.0;
				PRODUCT_BUNDLE_IDENTIFIER = come.azatkaiumov.FashionApp;
				PRODUCT_NAME = "$(TARGET_NAME)";
				SWIFT_EMIT_LOC_STRINGS = YES;
				SWIFT_VERSION = 5.0;
				TARGETED_DEVICE_FAMILY = "1,2";
			};
			name = Release;
		};
		AADDDDBE27C4505700E893E1 /* Debug */ = {
			isa = XCBuildConfiguration;
			buildSettings = {
				ALWAYS_EMBED_SWIFT_STANDARD_LIBRARIES = YES;
				BUNDLE_LOADER = "$(TEST_HOST)";
				CODE_SIGN_STYLE = Automatic;
				CURRENT_PROJECT_VERSION = 1;
				DEVELOPMENT_TEAM = 8JWF52JVK7;
				GENERATE_INFOPLIST_FILE = YES;
				IPHONEOS_DEPLOYMENT_TARGET = 15.2;
				MARKETING_VERSION = 1.0;
				PRODUCT_BUNDLE_IDENTIFIER = come.azatkaiumov.FashionAppTests;
				PRODUCT_NAME = "$(TARGET_NAME)";
				SWIFT_EMIT_LOC_STRINGS = NO;
				SWIFT_VERSION = 5.0;
				TARGETED_DEVICE_FAMILY = "1,2";
				TEST_HOST = "$(BUILT_PRODUCTS_DIR)/FashionApp.app/FashionApp";
			};
			name = Debug;
		};
		AADDDDBF27C4505700E893E1 /* Release */ = {
			isa = XCBuildConfiguration;
			buildSettings = {
				ALWAYS_EMBED_SWIFT_STANDARD_LIBRARIES = YES;
				BUNDLE_LOADER = "$(TEST_HOST)";
				CODE_SIGN_STYLE = Automatic;
				CURRENT_PROJECT_VERSION = 1;
				DEVELOPMENT_TEAM = 8JWF52JVK7;
				GENERATE_INFOPLIST_FILE = YES;
				IPHONEOS_DEPLOYMENT_TARGET = 15.2;
				MARKETING_VERSION = 1.0;
				PRODUCT_BUNDLE_IDENTIFIER = come.azatkaiumov.FashionAppTests;
				PRODUCT_NAME = "$(TARGET_NAME)";
				SWIFT_EMIT_LOC_STRINGS = NO;
				SWIFT_VERSION = 5.0;
				TARGETED_DEVICE_FAMILY = "1,2";
				TEST_HOST = "$(BUILT_PRODUCTS_DIR)/FashionApp.app/FashionApp";
			};
			name = Release;
		};
		AADDDDC127C4505700E893E1 /* Debug */ = {
			isa = XCBuildConfiguration;
			buildSettings = {
				ALWAYS_EMBED_SWIFT_STANDARD_LIBRARIES = YES;
				CODE_SIGN_STYLE = Automatic;
				CURRENT_PROJECT_VERSION = 1;
				DEVELOPMENT_TEAM = 8JWF52JVK7;
				GENERATE_INFOPLIST_FILE = YES;
				MARKETING_VERSION = 1.0;
				PRODUCT_BUNDLE_IDENTIFIER = come.azatkaiumov.FashionAppUITests;
				PRODUCT_NAME = "$(TARGET_NAME)";
				SWIFT_EMIT_LOC_STRINGS = NO;
				SWIFT_VERSION = 5.0;
				TARGETED_DEVICE_FAMILY = "1,2";
				TEST_TARGET_NAME = FashionApp;
			};
			name = Debug;
		};
		AADDDDC227C4505700E893E1 /* Release */ = {
			isa = XCBuildConfiguration;
			buildSettings = {
				ALWAYS_EMBED_SWIFT_STANDARD_LIBRARIES = YES;
				CODE_SIGN_STYLE = Automatic;
				CURRENT_PROJECT_VERSION = 1;
				DEVELOPMENT_TEAM = 8JWF52JVK7;
				GENERATE_INFOPLIST_FILE = YES;
				MARKETING_VERSION = 1.0;
				PRODUCT_BUNDLE_IDENTIFIER = come.azatkaiumov.FashionAppUITests;
				PRODUCT_NAME = "$(TARGET_NAME)";
				SWIFT_EMIT_LOC_STRINGS = NO;
				SWIFT_VERSION = 5.0;
				TARGETED_DEVICE_FAMILY = "1,2";
				TEST_TARGET_NAME = FashionApp;
			};
			name = Release;
		};
/* End XCBuildConfiguration section */

/* Begin XCConfigurationList section */
		AADDDD8827C4505600E893E1 /* Build configuration list for PBXProject "FashionApp" */ = {
			isa = XCConfigurationList;
			buildConfigurations = (
				AADDDDB827C4505700E893E1 /* Debug */,
				AADDDDB927C4505700E893E1 /* Release */,
			);
			defaultConfigurationIsVisible = 0;
			defaultConfigurationName = Release;
		};
		AADDDDBA27C4505700E893E1 /* Build configuration list for PBXNativeTarget "FashionApp" */ = {
			isa = XCConfigurationList;
			buildConfigurations = (
				AADDDDBB27C4505700E893E1 /* Debug */,
				AADDDDBC27C4505700E893E1 /* Release */,
			);
			defaultConfigurationIsVisible = 0;
			defaultConfigurationName = Release;
		};
		AADDDDBD27C4505700E893E1 /* Build configuration list for PBXNativeTarget "FashionAppTests" */ = {
			isa = XCConfigurationList;
			buildConfigurations = (
				AADDDDBE27C4505700E893E1 /* Debug */,
				AADDDDBF27C4505700E893E1 /* Release */,
			);
			defaultConfigurationIsVisible = 0;
			defaultConfigurationName = Release;
		};
		AADDDDC027C4505700E893E1 /* Build configuration list for PBXNativeTarget "FashionAppUITests" */ = {
			isa = XCConfigurationList;
			buildConfigurations = (
				AADDDDC127C4505700E893E1 /* Debug */,
				AADDDDC227C4505700E893E1 /* Release */,
			);
			defaultConfigurationIsVisible = 0;
			defaultConfigurationName = Release;
		};
/* End XCConfigurationList section */

/* Begin XCRemoteSwiftPackageReference section */
		AA5B16B5281449F900B12EEC /* XCRemoteSwiftPackageReference "SnapKit" */ = {
			isa = XCRemoteSwiftPackageReference;
			repositoryURL = "https://github.com/SnapKit/SnapKit.git";
			requirement = {
				kind = upToNextMajorVersion;
				minimumVersion = 5.0.0;
			};
		};
		AA681D8D2839557200E4A753 /* XCRemoteSwiftPackageReference "route-composer" */ = {
			isa = XCRemoteSwiftPackageReference;
			repositoryURL = "https://github.com/ekazaev/route-composer";
			requirement = {
				kind = upToNextMajorVersion;
				minimumVersion = 2.0.0;
			};
		};
		AAEF55B028379E4200AA982E /* XCRemoteSwiftPackageReference "Alamofire" */ = {
			isa = XCRemoteSwiftPackageReference;
			repositoryURL = "https://github.com/Alamofire/Alamofire.git";
			requirement = {
				kind = upToNextMajorVersion;
				minimumVersion = 5.0.0;
			};
		};
		AAF4DA9627FED0F100118264 /* XCRemoteSwiftPackageReference "UIImageViewAlignedSwift" */ = {
			isa = XCRemoteSwiftPackageReference;
			repositoryURL = "https://github.com/sochalewski/UIImageViewAlignedSwift";
			requirement = {
				branch = master;
				kind = branch;
			};
		};
/* End XCRemoteSwiftPackageReference section */

/* Begin XCSwiftPackageProductDependency section */
		AA5B16B6281449F900B12EEC /* SnapKit */ = {
			isa = XCSwiftPackageProductDependency;
			package = AA5B16B5281449F900B12EEC /* XCRemoteSwiftPackageReference "SnapKit" */;
			productName = SnapKit;
		};
		AA681D8E2839557200E4A753 /* RouteComposer */ = {
			isa = XCSwiftPackageProductDependency;
			package = AA681D8D2839557200E4A753 /* XCRemoteSwiftPackageReference "route-composer" */;
			productName = RouteComposer;
		};
		AAEF55B128379E4200AA982E /* Alamofire */ = {
			isa = XCSwiftPackageProductDependency;
			package = AAEF55B028379E4200AA982E /* XCRemoteSwiftPackageReference "Alamofire" */;
			productName = Alamofire;
		};
		AAF4DA9727FED0F100118264 /* UIImageViewAlignedSwift */ = {
			isa = XCSwiftPackageProductDependency;
			package = AAF4DA9627FED0F100118264 /* XCRemoteSwiftPackageReference "UIImageViewAlignedSwift" */;
			productName = UIImageViewAlignedSwift;
		};
/* End XCSwiftPackageProductDependency section */

/* Begin XCVersionGroup section */
		AADDDD9927C4505600E893E1 /* FashionApp.xcdatamodeld */ = {
			isa = XCVersionGroup;
			children = (
				AADDDD9A27C4505600E893E1 /* FashionApp.xcdatamodel */,
			);
			currentVersion = AADDDD9A27C4505600E893E1 /* FashionApp.xcdatamodel */;
			path = FashionApp.xcdatamodeld;
			sourceTree = "<group>";
			versionGroupType = wrapper.xcdatamodel;
		};
/* End XCVersionGroup section */
	};
	rootObject = AADDDD8527C4505600E893E1 /* Project object */;
}
