// !$*UTF8*$!
{
	archiveVersion = 1;
	classes = {
	};
	objectVersion = 55;
	objects = {

/* Begin PBXBuildFile section */
		AADDDD9127C4505600E893E1 /* AppDelegate.swift in Sources */ = {isa = PBXBuildFile; fileRef = AADDDD9027C4505600E893E1 /* AppDelegate.swift */; };
		AADDDD9327C4505600E893E1 /* SceneDelegate.swift in Sources */ = {isa = PBXBuildFile; fileRef = AADDDD9227C4505600E893E1 /* SceneDelegate.swift */; };
		AADDDD9527C4505600E893E1 /* ViewController.swift in Sources */ = {isa = PBXBuildFile; fileRef = AADDDD9427C4505600E893E1 /* ViewController.swift */; };
		AADDDD9827C4505600E893E1 /* Main.storyboard in Resources */ = {isa = PBXBuildFile; fileRef = AADDDD9627C4505600E893E1 /* Main.storyboard */; };
		AADDDD9B27C4505600E893E1 /* FashionApp.xcdatamodeld in Sources */ = {isa = PBXBuildFile; fileRef = AADDDD9927C4505600E893E1 /* FashionApp.xcdatamodeld */; };
		AADDDD9D27C4505700E893E1 /* Assets.xcassets in Resources */ = {isa = PBXBuildFile; fileRef = AADDDD9C27C4505700E893E1 /* Assets.xcassets */; };
		AADDDDA027C4505700E893E1 /* LaunchScreen.storyboard in Resources */ = {isa = PBXBuildFile; fileRef = AADDDD9E27C4505700E893E1 /* LaunchScreen.storyboard */; };
		AADDDDAB27C4505700E893E1 /* FashionAppTests.swift in Sources */ = {isa = PBXBuildFile; fileRef = AADDDDAA27C4505700E893E1 /* FashionAppTests.swift */; };
		AADDDDB527C4505700E893E1 /* FashionAppUITests.swift in Sources */ = {isa = PBXBuildFile; fileRef = AADDDDB427C4505700E893E1 /* FashionAppUITests.swift */; };
		AADDDDB727C4505700E893E1 /* FashionAppUITestsLaunchTests.swift in Sources */ = {isa = PBXBuildFile; fileRef = AADDDDB627C4505700E893E1 /* FashionAppUITestsLaunchTests.swift */; };
/* End PBXBuildFile section */

/* Begin PBXContainerItemProxy section */
		AADDDDA727C4505700E893E1 /* PBXContainerItemProxy */ = {
			isa = PBXContainerItemProxy;
			containerPortal = AADDDD8527C4505600E893E1 /* Project object */;
			proxyType = 1;
			remoteGlobalIDString = AADDDD8C27C4505600E893E1;
			remoteInfo = FashionApp;
		};
		AADDDDB127C4505700E893E1 /* PBXContainerItemProxy */ = {
			isa = PBXContainerItemProxy;
			containerPortal = AADDDD8527C4505600E893E1 /* Project object */;
			proxyType = 1;
			remoteGlobalIDString = AADDDD8C27C4505600E893E1;
			remoteInfo = FashionApp;
		};
/* End PBXContainerItemProxy section */

/* Begin PBXFileReference section */
		AADDDD8D27C4505600E893E1 /* FashionApp.app */ = {isa = PBXFileReference; explicitFileType = wrapper.application; includeInIndex = 0; path = FashionApp.app; sourceTree = BUILT_PRODUCTS_DIR; };
		AADDDD9027C4505600E893E1 /* AppDelegate.swift */ = {isa = PBXFileReference; lastKnownFileType = sourcecode.swift; path = AppDelegate.swift; sourceTree = "<group>"; };
		AADDDD9227C4505600E893E1 /* SceneDelegate.swift */ = {isa = PBXFileReference; lastKnownFileType = sourcecode.swift; path = SceneDelegate.swift; sourceTree = "<group>"; };
		AADDDD9427C4505600E893E1 /* ViewController.swift */ = {isa = PBXFileReference; lastKnownFileType = sourcecode.swift; path = ViewController.swift; sourceTree = "<group>"; };
		AADDDD9727C4505600E893E1 /* Base */ = {isa = PBXFileReference; lastKnownFileType = file.storyboard; name = Base; path = Base.lproj/Main.storyboard; sourceTree = "<group>"; };
		AADDDD9A27C4505600E893E1 /* FashionApp.xcdatamodel */ = {isa = PBXFileReference; lastKnownFileType = wrapper.xcdatamodel; path = FashionApp.xcdatamodel; sourceTree = "<group>"; };
		AADDDD9C27C4505700E893E1 /* Assets.xcassets */ = {isa = PBXFileReference; lastKnownFileType = folder.assetcatalog; path = Assets.xcassets; sourceTree = "<group>"; };
		AADDDD9F27C4505700E893E1 /* Base */ = {isa = PBXFileReference; lastKnownFileType = file.storyboard; name = Base; path = Base.lproj/LaunchScreen.storyboard; sourceTree = "<group>"; };
		AADDDDA127C4505700E893E1 /* Info.plist */ = {isa = PBXFileReference; lastKnownFileType = text.plist.xml; path = Info.plist; sourceTree = "<group>"; };
		AADDDDA627C4505700E893E1 /* FashionAppTests.xctest */ = {isa = PBXFileReference; explicitFileType = wrapper.cfbundle; includeInIndex = 0; path = FashionAppTests.xctest; sourceTree = BUILT_PRODUCTS_DIR; };
		AADDDDAA27C4505700E893E1 /* FashionAppTests.swift */ = {isa = PBXFileReference; lastKnownFileType = sourcecode.swift; path = FashionAppTests.swift; sourceTree = "<group>"; };
		AADDDDB027C4505700E893E1 /* FashionAppUITests.xctest */ = {isa = PBXFileReference; explicitFileType = wrapper.cfbundle; includeInIndex = 0; path = FashionAppUITests.xctest; sourceTree = BUILT_PRODUCTS_DIR; };
		AADDDDB427C4505700E893E1 /* FashionAppUITests.swift */ = {isa = PBXFileReference; lastKnownFileType = sourcecode.swift; path = FashionAppUITests.swift; sourceTree = "<group>"; };
		AADDDDB627C4505700E893E1 /* FashionAppUITestsLaunchTests.swift */ = {isa = PBXFileReference; lastKnownFileType = sourcecode.swift; path = FashionAppUITestsLaunchTests.swift; sourceTree = "<group>"; };
/* End PBXFileReference section */

/* Begin PBXFrameworksBuildPhase section */
		AADDDD8A27C4505600E893E1 /* Frameworks */ = {
			isa = PBXFrameworksBuildPhase;
			buildActionMask = 2147483647;
			files = (
			);
			runOnlyForDeploymentPostprocessing = 0;
		};
		AADDDDA327C4505700E893E1 /* Frameworks */ = {
			isa = PBXFrameworksBuildPhase;
			buildActionMask = 2147483647;
			files = (
			);
			runOnlyForDeploymentPostprocessing = 0;
		};
		AADDDDAD27C4505700E893E1 /* Frameworks */ = {
			isa = PBXFrameworksBuildPhase;
			buildActionMask = 2147483647;
			files = (
			);
			runOnlyForDeploymentPostprocessing = 0;
		};
/* End PBXFrameworksBuildPhase section */

/* Begin PBXGroup section */
		AADDDD8427C4505600E893E1 = {
			isa = PBXGroup;
			children = (
				AADDDD8F27C4505600E893E1 /* FashionApp */,
				AADDDDA927C4505700E893E1 /* FashionAppTests */,
				AADDDDB327C4505700E893E1 /* FashionAppUITests */,
				AADDDD8E27C4505600E893E1 /* Products */,
			);
			sourceTree = "<group>";
		};
		AADDDD8E27C4505600E893E1 /* Products */ = {
			isa = PBXGroup;
			children = (
				AADDDD8D27C4505600E893E1 /* FashionApp.app */,
				AADDDDA627C4505700E893E1 /* FashionAppTests.xctest */,
				AADDDDB027C4505700E893E1 /* FashionAppUITests.xctest */,
			);
			name = Products;
			sourceTree = "<group>";
		};
		AADDDD8F27C4505600E893E1 /* FashionApp */ = {
			isa = PBXGroup;
			children = (
				AADDDD9027C4505600E893E1 /* AppDelegate.swift */,
				AADDDD9227C4505600E893E1 /* SceneDelegate.swift */,
				AADDDD9427C4505600E893E1 /* ViewController.swift */,
				AADDDD9627C4505600E893E1 /* Main.storyboard */,
				AADDDD9C27C4505700E893E1 /* Assets.xcassets */,
				AADDDD9E27C4505700E893E1 /* LaunchScreen.storyboard */,
				AADDDDA127C4505700E893E1 /* Info.plist */,
				AADDDD9927C4505600E893E1 /* FashionApp.xcdatamodeld */,
			);
			path = FashionApp;
			sourceTree = "<group>";
		};
		AADDDDA927C4505700E893E1 /* FashionAppTests */ = {
			isa = PBXGroup;
			children = (
				AADDDDAA27C4505700E893E1 /* FashionAppTests.swift */,
			);
			path = FashionAppTests;
			sourceTree = "<group>";
		};
		AADDDDB327C4505700E893E1 /* FashionAppUITests */ = {
			isa = PBXGroup;
			children = (
				AADDDDB427C4505700E893E1 /* FashionAppUITests.swift */,
				AADDDDB627C4505700E893E1 /* FashionAppUITestsLaunchTests.swift */,
			);
			path = FashionAppUITests;
			sourceTree = "<group>";
		};
/* End PBXGroup section */

/* Begin PBXNativeTarget section */
		AADDDD8C27C4505600E893E1 /* FashionApp */ = {
			isa = PBXNativeTarget;
			buildConfigurationList = AADDDDBA27C4505700E893E1 /* Build configuration list for PBXNativeTarget "FashionApp" */;
			buildPhases = (
				AADDDD8927C4505600E893E1 /* Sources */,
				AADDDD8A27C4505600E893E1 /* Frameworks */,
				AADDDD8B27C4505600E893E1 /* Resources */,
			);
			buildRules = (
			);
			dependencies = (
			);
			name = FashionApp;
			productName = FashionApp;
			productReference = AADDDD8D27C4505600E893E1 /* FashionApp.app */;
			productType = "com.apple.product-type.application";
		};
		AADDDDA527C4505700E893E1 /* FashionAppTests */ = {
			isa = PBXNativeTarget;
			buildConfigurationList = AADDDDBD27C4505700E893E1 /* Build configuration list for PBXNativeTarget "FashionAppTests" */;
			buildPhases = (
				AADDDDA227C4505700E893E1 /* Sources */,
				AADDDDA327C4505700E893E1 /* Frameworks */,
				AADDDDA427C4505700E893E1 /* Resources */,
			);
			buildRules = (
			);
			dependencies = (
				AADDDDA827C4505700E893E1 /* PBXTargetDependency */,
			);
			name = FashionAppTests;
			productName = FashionAppTests;
			productReference = AADDDDA627C4505700E893E1 /* FashionAppTests.xctest */;
			productType = "com.apple.product-type.bundle.unit-test";
		};
		AADDDDAF27C4505700E893E1 /* FashionAppUITests */ = {
			isa = PBXNativeTarget;
			buildConfigurationList = AADDDDC027C4505700E893E1 /* Build configuration list for PBXNativeTarget "FashionAppUITests" */;
			buildPhases = (
				AADDDDAC27C4505700E893E1 /* Sources */,
				AADDDDAD27C4505700E893E1 /* Frameworks */,
				AADDDDAE27C4505700E893E1 /* Resources */,
			);
			buildRules = (
			);
			dependencies = (
				AADDDDB227C4505700E893E1 /* PBXTargetDependency */,
			);
			name = FashionAppUITests;
			productName = FashionAppUITests;
			productReference = AADDDDB027C4505700E893E1 /* FashionAppUITests.xctest */;
			productType = "com.apple.product-type.bundle.ui-testing";
		};
/* End PBXNativeTarget section */

/* Begin PBXProject section */
		AADDDD8527C4505600E893E1 /* Project object */ = {
			isa = PBXProject;
			attributes = {
				BuildIndependentTargetsInParallel = 1;
				LastSwiftUpdateCheck = 1320;
				LastUpgradeCheck = 1320;
				TargetAttributes = {
					AADDDD8C27C4505600E893E1 = {
						CreatedOnToolsVersion = 13.2.1;
					};
					AADDDDA527C4505700E893E1 = {
						CreatedOnToolsVersion = 13.2.1;
						TestTargetID = AADDDD8C27C4505600E893E1;
					};
					AADDDDAF27C4505700E893E1 = {
						CreatedOnToolsVersion = 13.2.1;
						TestTargetID = AADDDD8C27C4505600E893E1;
					};
				};
			};
			buildConfigurationList = AADDDD8827C4505600E893E1 /* Build configuration list for PBXProject "FashionApp" */;
			compatibilityVersion = "Xcode 13.0";
			developmentRegion = en;
			hasScannedForEncodings = 0;
			knownRegions = (
				en,
				Base,
			);
			mainGroup = AADDDD8427C4505600E893E1;
			productRefGroup = AADDDD8E27C4505600E893E1 /* Products */;
			projectDirPath = "";
			projectRoot = "";
			targets = (
				AADDDD8C27C4505600E893E1 /* FashionApp */,
				AADDDDA527C4505700E893E1 /* FashionAppTests */,
				AADDDDAF27C4505700E893E1 /* FashionAppUITests */,
			);
		};
/* End PBXProject section */

/* Begin PBXResourcesBuildPhase section */
		AADDDD8B27C4505600E893E1 /* Resources */ = {
			isa = PBXResourcesBuildPhase;
			buildActionMask = 2147483647;
			files = (
				AADDDDA027C4505700E893E1 /* LaunchScreen.storyboard in Resources */,
				AADDDD9D27C4505700E893E1 /* Assets.xcassets in Resources */,
				AADDDD9827C4505600E893E1 /* Main.storyboard in Resources */,
			);
			runOnlyForDeploymentPostprocessing = 0;
		};
		AADDDDA427C4505700E893E1 /* Resources */ = {
			isa = PBXResourcesBuildPhase;
			buildActionMask = 2147483647;
			files = (
			);
			runOnlyForDeploymentPostprocessing = 0;
		};
		AADDDDAE27C4505700E893E1 /* Resources */ = {
			isa = PBXResourcesBuildPhase;
			buildActionMask = 2147483647;
			files = (
			);
			runOnlyForDeploymentPostprocessing = 0;
		};
/* End PBXResourcesBuildPhase section */

/* Begin PBXSourcesBuildPhase section */
		AADDDD8927C4505600E893E1 /* Sources */ = {
			isa = PBXSourcesBuildPhase;
			buildActionMask = 2147483647;
			files = (
				AADDDD9B27C4505600E893E1 /* FashionApp.xcdatamodeld in Sources */,
				AADDDD9527C4505600E893E1 /* ViewController.swift in Sources */,
				AADDDD9127C4505600E893E1 /* AppDelegate.swift in Sources */,
				AADDDD9327C4505600E893E1 /* SceneDelegate.swift in Sources */,
			);
			runOnlyForDeploymentPostprocessing = 0;
		};
		AADDDDA227C4505700E893E1 /* Sources */ = {
			isa = PBXSourcesBuildPhase;
			buildActionMask = 2147483647;
			files = (
				AADDDDAB27C4505700E893E1 /* FashionAppTests.swift in Sources */,
			);
			runOnlyForDeploymentPostprocessing = 0;
		};
		AADDDDAC27C4505700E893E1 /* Sources */ = {
			isa = PBXSourcesBuildPhase;
			buildActionMask = 2147483647;
			files = (
				AADDDDB527C4505700E893E1 /* FashionAppUITests.swift in Sources */,
				AADDDDB727C4505700E893E1 /* FashionAppUITestsLaunchTests.swift in Sources */,
			);
			runOnlyForDeploymentPostprocessing = 0;
		};
/* End PBXSourcesBuildPhase section */

/* Begin PBXTargetDependency section */
		AADDDDA827C4505700E893E1 /* PBXTargetDependency */ = {
			isa = PBXTargetDependency;
			target = AADDDD8C27C4505600E893E1 /* FashionApp */;
			targetProxy = AADDDDA727C4505700E893E1 /* PBXContainerItemProxy */;
		};
		AADDDDB227C4505700E893E1 /* PBXTargetDependency */ = {
			isa = PBXTargetDependency;
			target = AADDDD8C27C4505600E893E1 /* FashionApp */;
			targetProxy = AADDDDB127C4505700E893E1 /* PBXContainerItemProxy */;
		};
/* End PBXTargetDependency section */

/* Begin PBXVariantGroup section */
		AADDDD9627C4505600E893E1 /* Main.storyboard */ = {
			isa = PBXVariantGroup;
			children = (
				AADDDD9727C4505600E893E1 /* Base */,
			);
			name = Main.storyboard;
			sourceTree = "<group>";
		};
		AADDDD9E27C4505700E893E1 /* LaunchScreen.storyboard */ = {
			isa = PBXVariantGroup;
			children = (
				AADDDD9F27C4505700E893E1 /* Base */,
			);
			name = LaunchScreen.storyboard;
			sourceTree = "<group>";
		};
/* End PBXVariantGroup section */

/* Begin XCBuildConfiguration section */
		AADDDDB827C4505700E893E1 /* Debug */ = {
			isa = XCBuildConfiguration;
			buildSettings = {
				ALWAYS_SEARCH_USER_PATHS = NO;
				CLANG_ANALYZER_NONNULL = YES;
				CLANG_ANALYZER_NUMBER_OBJECT_CONVERSION = YES_AGGRESSIVE;
				CLANG_CXX_LANGUAGE_STANDARD = "gnu++17";
				CLANG_CXX_LIBRARY = "libc++";
				CLANG_ENABLE_MODULES = YES;
				CLANG_ENABLE_OBJC_ARC = YES;
				CLANG_ENABLE_OBJC_WEAK = YES;
				CLANG_WARN_BLOCK_CAPTURE_AUTORELEASING = YES;
				CLANG_WARN_BOOL_CONVERSION = YES;
				CLANG_WARN_COMMA = YES;
				CLANG_WARN_CONSTANT_CONVERSION = YES;
				CLANG_WARN_DEPRECATED_OBJC_IMPLEMENTATIONS = YES;
				CLANG_WARN_DIRECT_OBJC_ISA_USAGE = YES_ERROR;
				CLANG_WARN_DOCUMENTATION_COMMENTS = YES;
				CLANG_WARN_EMPTY_BODY = YES;
				CLANG_WARN_ENUM_CONVERSION = YES;
				CLANG_WARN_INFINITE_RECURSION = YES;
				CLANG_WARN_INT_CONVERSION = YES;
				CLANG_WARN_NON_LITERAL_NULL_CONVERSION = YES;
				CLANG_WARN_OBJC_IMPLICIT_RETAIN_SELF = YES;
				CLANG_WARN_OBJC_LITERAL_CONVERSION = YES;
				CLANG_WARN_OBJC_ROOT_CLASS = YES_ERROR;
				CLANG_WARN_QUOTED_INCLUDE_IN_FRAMEWORK_HEADER = YES;
				CLANG_WARN_RANGE_LOOP_ANALYSIS = YES;
				CLANG_WARN_STRICT_PROTOTYPES = YES;
				CLANG_WARN_SUSPICIOUS_MOVE = YES;
				CLANG_WARN_UNGUARDED_AVAILABILITY = YES_AGGRESSIVE;
				CLANG_WARN_UNREACHABLE_CODE = YES;
				CLANG_WARN__DUPLICATE_METHOD_MATCH = YES;
				COPY_PHASE_STRIP = NO;
				DEBUG_INFORMATION_FORMAT = dwarf;
				ENABLE_STRICT_OBJC_MSGSEND = YES;
				ENABLE_TESTABILITY = YES;
				GCC_C_LANGUAGE_STANDARD = gnu11;
				GCC_DYNAMIC_NO_PIC = NO;
				GCC_NO_COMMON_BLOCKS = YES;
				GCC_OPTIMIZATION_LEVEL = 0;
				GCC_PREPROCESSOR_DEFINITIONS = (
					"DEBUG=1",
					"$(inherited)",
				);
				GCC_WARN_64_TO_32_BIT_CONVERSION = YES;
				GCC_WARN_ABOUT_RETURN_TYPE = YES_ERROR;
				GCC_WARN_UNDECLARED_SELECTOR = YES;
				GCC_WARN_UNINITIALIZED_AUTOS = YES_AGGRESSIVE;
				GCC_WARN_UNUSED_FUNCTION = YES;
				GCC_WARN_UNUSED_VARIABLE = YES;
				IPHONEOS_DEPLOYMENT_TARGET = 15.2;
				MTL_ENABLE_DEBUG_INFO = INCLUDE_SOURCE;
				MTL_FAST_MATH = YES;
				ONLY_ACTIVE_ARCH = YES;
				SDKROOT = iphoneos;
				SWIFT_ACTIVE_COMPILATION_CONDITIONS = DEBUG;
				SWIFT_OPTIMIZATION_LEVEL = "-Onone";
			};
			name = Debug;
		};
		AADDDDB927C4505700E893E1 /* Release */ = {
			isa = XCBuildConfiguration;
			buildSettings = {
				ALWAYS_SEARCH_USER_PATHS = NO;
				CLANG_ANALYZER_NONNULL = YES;
				CLANG_ANALYZER_NUMBER_OBJECT_CONVERSION = YES_AGGRESSIVE;
				CLANG_CXX_LANGUAGE_STANDARD = "gnu++17";
				CLANG_CXX_LIBRARY = "libc++";
				CLANG_ENABLE_MODULES = YES;
				CLANG_ENABLE_OBJC_ARC = YES;
				CLANG_ENABLE_OBJC_WEAK = YES;
				CLANG_WARN_BLOCK_CAPTURE_AUTORELEASING = YES;
				CLANG_WARN_BOOL_CONVERSION = YES;
				CLANG_WARN_COMMA = YES;
				CLANG_WARN_CONSTANT_CONVERSION = YES;
				CLANG_WARN_DEPRECATED_OBJC_IMPLEMENTATIONS = YES;
				CLANG_WARN_DIRECT_OBJC_ISA_USAGE = YES_ERROR;
				CLANG_WARN_DOCUMENTATION_COMMENTS = YES;
				CLANG_WARN_EMPTY_BODY = YES;
				CLANG_WARN_ENUM_CONVERSION = YES;
				CLANG_WARN_INFINITE_RECURSION = YES;
				CLANG_WARN_INT_CONVERSION = YES;
				CLANG_WARN_NON_LITERAL_NULL_CONVERSION = YES;
				CLANG_WARN_OBJC_IMPLICIT_RETAIN_SELF = YES;
				CLANG_WARN_OBJC_LITERAL_CONVERSION = YES;
				CLANG_WARN_OBJC_ROOT_CLASS = YES_ERROR;
				CLANG_WARN_QUOTED_INCLUDE_IN_FRAMEWORK_HEADER = YES;
				CLANG_WARN_RANGE_LOOP_ANALYSIS = YES;
				CLANG_WARN_STRICT_PROTOTYPES = YES;
				CLANG_WARN_SUSPICIOUS_MOVE = YES;
				CLANG_WARN_UNGUARDED_AVAILABILITY = YES_AGGRESSIVE;
				CLANG_WARN_UNREACHABLE_CODE = YES;
				CLANG_WARN__DUPLICATE_METHOD_MATCH = YES;
				COPY_PHASE_STRIP = NO;
				DEBUG_INFORMATION_FORMAT = "dwarf-with-dsym";
				ENABLE_NS_ASSERTIONS = NO;
				ENABLE_STRICT_OBJC_MSGSEND = YES;
				GCC_C_LANGUAGE_STANDARD = gnu11;
				GCC_NO_COMMON_BLOCKS = YES;
				GCC_WARN_64_TO_32_BIT_CONVERSION = YES;
				GCC_WARN_ABOUT_RETURN_TYPE = YES_ERROR;
				GCC_WARN_UNDECLARED_SELECTOR = YES;
				GCC_WARN_UNINITIALIZED_AUTOS = YES_AGGRESSIVE;
				GCC_WARN_UNUSED_FUNCTION = YES;
				GCC_WARN_UNUSED_VARIABLE = YES;
				IPHONEOS_DEPLOYMENT_TARGET = 15.2;
				MTL_ENABLE_DEBUG_INFO = NO;
				MTL_FAST_MATH = YES;
				SDKROOT = iphoneos;
				SWIFT_COMPILATION_MODE = wholemodule;
				SWIFT_OPTIMIZATION_LEVEL = "-O";
				VALIDATE_PRODUCT = YES;
			};
			name = Release;
		};
		AADDDDBB27C4505700E893E1 /* Debug */ = {
			isa = XCBuildConfiguration;
			buildSettings = {
				ASSETCATALOG_COMPILER_APPICON_NAME = AppIcon;
				ASSETCATALOG_COMPILER_GLOBAL_ACCENT_COLOR_NAME = AccentColor;
				CODE_SIGN_STYLE = Automatic;
				CURRENT_PROJECT_VERSION = 1;
				DEVELOPMENT_TEAM = 8JWF52JVK7;
				GENERATE_INFOPLIST_FILE = YES;
				INFOPLIST_FILE = FashionApp/Info.plist;
				INFOPLIST_KEY_UIApplicationSupportsIndirectInputEvents = YES;
				INFOPLIST_KEY_UILaunchStoryboardName = LaunchScreen;
				INFOPLIST_KEY_UIMainStoryboardFile = Main;
				INFOPLIST_KEY_UISupportedInterfaceOrientations_iPad = "UIInterfaceOrientationPortrait UIInterfaceOrientationPortraitUpsideDown UIInterfaceOrientationLandscapeLeft UIInterfaceOrientationLandscapeRight";
				INFOPLIST_KEY_UISupportedInterfaceOrientations_iPhone = "UIInterfaceOrientationPortrait UIInterfaceOrientationLandscapeLeft UIInterfaceOrientationLandscapeRight";
				LD_RUNPATH_SEARCH_PATHS = (
					"$(inherited)",
					"@executable_path/Frameworks",
				);
				MARKETING_VERSION = 1.0;
				PRODUCT_BUNDLE_IDENTIFIER = come.azatkaiumov.FashionApp;
				PRODUCT_NAME = "$(TARGET_NAME)";
				SWIFT_EMIT_LOC_STRINGS = YES;
				SWIFT_VERSION = 5.0;
				TARGETED_DEVICE_FAMILY = "1,2";
			};
			name = Debug;
		};
		AADDDDBC27C4505700E893E1 /* Release */ = {
			isa = XCBuildConfiguration;
			buildSettings = {
				ASSETCATALOG_COMPILER_APPICON_NAME = AppIcon;
				ASSETCATALOG_COMPILER_GLOBAL_ACCENT_COLOR_NAME = AccentColor;
				CODE_SIGN_STYLE = Automatic;
				CURRENT_PROJECT_VERSION = 1;
				DEVELOPMENT_TEAM = 8JWF52JVK7;
				GENERATE_INFOPLIST_FILE = YES;
				INFOPLIST_FILE = FashionApp/Info.plist;
				INFOPLIST_KEY_UIApplicationSupportsIndirectInputEvents = YES;
				INFOPLIST_KEY_UILaunchStoryboardName = LaunchScreen;
				INFOPLIST_KEY_UIMainStoryboardFile = Main;
				INFOPLIST_KEY_UISupportedInterfaceOrientations_iPad = "UIInterfaceOrientationPortrait UIInterfaceOrientationPortraitUpsideDown UIInterfaceOrientationLandscapeLeft UIInterfaceOrientationLandscapeRight";
				INFOPLIST_KEY_UISupportedInterfaceOrientations_iPhone = "UIInterfaceOrientationPortrait UIInterfaceOrientationLandscapeLeft UIInterfaceOrientationLandscapeRight";
				LD_RUNPATH_SEARCH_PATHS = (
					"$(inherited)",
					"@executable_path/Frameworks",
				);
				MARKETING_VERSION = 1.0;
				PRODUCT_BUNDLE_IDENTIFIER = come.azatkaiumov.FashionApp;
				PRODUCT_NAME = "$(TARGET_NAME)";
				SWIFT_EMIT_LOC_STRINGS = YES;
				SWIFT_VERSION = 5.0;
				TARGETED_DEVICE_FAMILY = "1,2";
			};
			name = Release;
		};
		AADDDDBE27C4505700E893E1 /* Debug */ = {
			isa = XCBuildConfiguration;
			buildSettings = {
				ALWAYS_EMBED_SWIFT_STANDARD_LIBRARIES = YES;
				BUNDLE_LOADER = "$(TEST_HOST)";
				CODE_SIGN_STYLE = Automatic;
				CURRENT_PROJECT_VERSION = 1;
				DEVELOPMENT_TEAM = 8JWF52JVK7;
				GENERATE_INFOPLIST_FILE = YES;
				IPHONEOS_DEPLOYMENT_TARGET = 15.2;
				MARKETING_VERSION = 1.0;
				PRODUCT_BUNDLE_IDENTIFIER = come.azatkaiumov.FashionAppTests;
				PRODUCT_NAME = "$(TARGET_NAME)";
				SWIFT_EMIT_LOC_STRINGS = NO;
				SWIFT_VERSION = 5.0;
				TARGETED_DEVICE_FAMILY = "1,2";
				TEST_HOST = "$(BUILT_PRODUCTS_DIR)/FashionApp.app/FashionApp";
			};
			name = Debug;
		};
		AADDDDBF27C4505700E893E1 /* Release */ = {
			isa = XCBuildConfiguration;
			buildSettings = {
				ALWAYS_EMBED_SWIFT_STANDARD_LIBRARIES = YES;
				BUNDLE_LOADER = "$(TEST_HOST)";
				CODE_SIGN_STYLE = Automatic;
				CURRENT_PROJECT_VERSION = 1;
				DEVELOPMENT_TEAM = 8JWF52JVK7;
				GENERATE_INFOPLIST_FILE = YES;
				IPHONEOS_DEPLOYMENT_TARGET = 15.2;
				MARKETING_VERSION = 1.0;
				PRODUCT_BUNDLE_IDENTIFIER = come.azatkaiumov.FashionAppTests;
				PRODUCT_NAME = "$(TARGET_NAME)";
				SWIFT_EMIT_LOC_STRINGS = NO;
				SWIFT_VERSION = 5.0;
				TARGETED_DEVICE_FAMILY = "1,2";
				TEST_HOST = "$(BUILT_PRODUCTS_DIR)/FashionApp.app/FashionApp";
			};
			name = Release;
		};
		AADDDDC127C4505700E893E1 /* Debug */ = {
			isa = XCBuildConfiguration;
			buildSettings = {
				ALWAYS_EMBED_SWIFT_STANDARD_LIBRARIES = YES;
				CODE_SIGN_STYLE = Automatic;
				CURRENT_PROJECT_VERSION = 1;
				DEVELOPMENT_TEAM = 8JWF52JVK7;
				GENERATE_INFOPLIST_FILE = YES;
				MARKETING_VERSION = 1.0;
				PRODUCT_BUNDLE_IDENTIFIER = come.azatkaiumov.FashionAppUITests;
				PRODUCT_NAME = "$(TARGET_NAME)";
				SWIFT_EMIT_LOC_STRINGS = NO;
				SWIFT_VERSION = 5.0;
				TARGETED_DEVICE_FAMILY = "1,2";
				TEST_TARGET_NAME = FashionApp;
			};
			name = Debug;
		};
		AADDDDC227C4505700E893E1 /* Release */ = {
			isa = XCBuildConfiguration;
			buildSettings = {
				ALWAYS_EMBED_SWIFT_STANDARD_LIBRARIES = YES;
				CODE_SIGN_STYLE = Automatic;
				CURRENT_PROJECT_VERSION = 1;
				DEVELOPMENT_TEAM = 8JWF52JVK7;
				GENERATE_INFOPLIST_FILE = YES;
				MARKETING_VERSION = 1.0;
				PRODUCT_BUNDLE_IDENTIFIER = come.azatkaiumov.FashionAppUITests;
				PRODUCT_NAME = "$(TARGET_NAME)";
				SWIFT_EMIT_LOC_STRINGS = NO;
				SWIFT_VERSION = 5.0;
				TARGETED_DEVICE_FAMILY = "1,2";
				TEST_TARGET_NAME = FashionApp;
			};
			name = Release;
		};
/* End XCBuildConfiguration section */

/* Begin XCConfigurationList section */
		AADDDD8827C4505600E893E1 /* Build configuration list for PBXProject "FashionApp" */ = {
			isa = XCConfigurationList;
			buildConfigurations = (
				AADDDDB827C4505700E893E1 /* Debug */,
				AADDDDB927C4505700E893E1 /* Release */,
			);
			defaultConfigurationIsVisible = 0;
			defaultConfigurationName = Release;
		};
		AADDDDBA27C4505700E893E1 /* Build configuration list for PBXNativeTarget "FashionApp" */ = {
			isa = XCConfigurationList;
			buildConfigurations = (
				AADDDDBB27C4505700E893E1 /* Debug */,
				AADDDDBC27C4505700E893E1 /* Release */,
			);
			defaultConfigurationIsVisible = 0;
			defaultConfigurationName = Release;
		};
		AADDDDBD27C4505700E893E1 /* Build configuration list for PBXNativeTarget "FashionAppTests" */ = {
			isa = XCConfigurationList;
			buildConfigurations = (
				AADDDDBE27C4505700E893E1 /* Debug */,
				AADDDDBF27C4505700E893E1 /* Release */,
			);
			defaultConfigurationIsVisible = 0;
			defaultConfigurationName = Release;
		};
		AADDDDC027C4505700E893E1 /* Build configuration list for PBXNativeTarget "FashionAppUITests" */ = {
			isa = XCConfigurationList;
			buildConfigurations = (
				AADDDDC127C4505700E893E1 /* Debug */,
				AADDDDC227C4505700E893E1 /* Release */,
			);
			defaultConfigurationIsVisible = 0;
			defaultConfigurationName = Release;
		};
/* End XCConfigurationList section */

/* Begin XCVersionGroup section */
		AADDDD9927C4505600E893E1 /* FashionApp.xcdatamodeld */ = {
			isa = XCVersionGroup;
			children = (
				AADDDD9A27C4505600E893E1 /* FashionApp.xcdatamodel */,
			);
			currentVersion = AADDDD9A27C4505600E893E1 /* FashionApp.xcdatamodel */;
			path = FashionApp.xcdatamodeld;
			sourceTree = "<group>";
			versionGroupType = wrapper.xcdatamodel;
		};
/* End XCVersionGroup section */
	};
	rootObject = AADDDD8527C4505600E893E1 /* Project object */;
}
